// !$*UTF8*$!
{
	archiveVersion = 1;
	classes = {
	};
	objectVersion = 46;
	objects = {

/* Begin PBXBuildFile section */
		87CA299C1EC0127F00F03E7B /* GPUImage2 in Resources */ = {isa = PBXBuildFile; fileRef = 87CA299B1EC0127F00F03E7B /* GPUImage2 */; };
		87CDE1EF1E6CFE750030D1AC /* AppDelegate.swift in Sources */ = {isa = PBXBuildFile; fileRef = 87CDE1EE1E6CFE750030D1AC /* AppDelegate.swift */; };
		87CDE1F11E6CFE750030D1AC /* ViewController.swift in Sources */ = {isa = PBXBuildFile; fileRef = 87CDE1F01E6CFE750030D1AC /* ViewController.swift */; };
		87CDE1F41E6CFE750030D1AC /* Main.storyboard in Resources */ = {isa = PBXBuildFile; fileRef = 87CDE1F21E6CFE750030D1AC /* Main.storyboard */; };
		87CDE1F61E6CFE750030D1AC /* Assets.xcassets in Resources */ = {isa = PBXBuildFile; fileRef = 87CDE1F51E6CFE750030D1AC /* Assets.xcassets */; };
		87CDE1F91E6CFE750030D1AC /* LaunchScreen.storyboard in Resources */ = {isa = PBXBuildFile; fileRef = 87CDE1F71E6CFE750030D1AC /* LaunchScreen.storyboard */; };
		87E9A5AC1EC40AE200A86B83 /* RxSwift.framework in Frameworks */ = {isa = PBXBuildFile; fileRef = 87E9A5A31EC40AE200A86B83 /* RxSwift.framework */; };
		87E9A5B31EC40AE200A86B83 /* RxSwiftTests.swift in Sources */ = {isa = PBXBuildFile; fileRef = 87E9A5B21EC40AE200A86B83 /* RxSwiftTests.swift */; };
		87E9A5B51EC40AE200A86B83 /* RxSwift.h in Headers */ = {isa = PBXBuildFile; fileRef = 87E9A5A51EC40AE200A86B83 /* RxSwift.h */; settings = {ATTRIBUTES = (Public, ); }; };
		87E9A5B81EC40AE200A86B83 /* RxSwift.framework in Frameworks */ = {isa = PBXBuildFile; fileRef = 87E9A5A31EC40AE200A86B83 /* RxSwift.framework */; };
		87E9A5B91EC40AE200A86B83 /* RxSwift.framework in Embed Frameworks */ = {isa = PBXBuildFile; fileRef = 87E9A5A31EC40AE200A86B83 /* RxSwift.framework */; settings = {ATTRIBUTES = (CodeSignOnCopy, RemoveHeadersOnCopy, ); }; };
		87E9A5C11EC40B1F00A86B83 /* CurrentThreadSchedulerTest.swift in Sources */ = {isa = PBXBuildFile; fileRef = 87E9A5C01EC40B1F00A86B83 /* CurrentThreadSchedulerTest.swift */; };
		87E9A5C31EC40B3300A86B83 /* RxTest.swift in Sources */ = {isa = PBXBuildFile; fileRef = 87E9A5C21EC40B3300A86B83 /* RxTest.swift */; };
		87E9A5F41EC40BA600A86B83 /* AnonymousDisposable.swift in Sources */ = {isa = PBXBuildFile; fileRef = 87E9A5C41EC40BA600A86B83 /* AnonymousDisposable.swift */; };
		87E9A5F51EC40BA600A86B83 /* AnonymousObservable.swift in Sources */ = {isa = PBXBuildFile; fileRef = 87E9A5C51EC40BA600A86B83 /* AnonymousObservable.swift */; };
		87E9A5F61EC40BA600A86B83 /* AnonymousObserver.swift in Sources */ = {isa = PBXBuildFile; fileRef = 87E9A5C61EC40BA600A86B83 /* AnonymousObserver.swift */; };
		87E9A5F71EC40BA600A86B83 /* AnyObserver.swift in Sources */ = {isa = PBXBuildFile; fileRef = 87E9A5C71EC40BA600A86B83 /* AnyObserver.swift */; };
		87E9A5F81EC40BA600A86B83 /* Bag.swift in Sources */ = {isa = PBXBuildFile; fileRef = 87E9A5C81EC40BA600A86B83 /* Bag.swift */; };
		87E9A5F91EC40BA600A86B83 /* Bag+Rx.swift in Sources */ = {isa = PBXBuildFile; fileRef = 87E9A5C91EC40BA600A86B83 /* Bag+Rx.swift */; };
		87E9A5FA1EC40BA600A86B83 /* BinaryDisposable.swift in Sources */ = {isa = PBXBuildFile; fileRef = 87E9A5CA1EC40BA600A86B83 /* BinaryDisposable.swift */; };
		87E9A5FB1EC40BA600A86B83 /* Cancelable.swift in Sources */ = {isa = PBXBuildFile; fileRef = 87E9A5CB1EC40BA600A86B83 /* Cancelable.swift */; };
		87E9A5FC1EC40BA600A86B83 /* CombineLatest.swift in Sources */ = {isa = PBXBuildFile; fileRef = 87E9A5CC1EC40BA600A86B83 /* CombineLatest.swift */; };
		87E9A5FD1EC40BA600A86B83 /* CombineLatest+arity.swift in Sources */ = {isa = PBXBuildFile; fileRef = 87E9A5CD1EC40BA600A86B83 /* CombineLatest+arity.swift */; };
		87E9A5FE1EC40BA600A86B83 /* CompositeDisposable.swift in Sources */ = {isa = PBXBuildFile; fileRef = 87E9A5CE1EC40BA600A86B83 /* CompositeDisposable.swift */; };
		87E9A5FF1EC40BA600A86B83 /* CurrentThreadScheduler.swift in Sources */ = {isa = PBXBuildFile; fileRef = 87E9A5CF1EC40BA600A86B83 /* CurrentThreadScheduler.swift */; };
		87E9A6001EC40BA600A86B83 /* DispatchQueueConfiguration.swift in Sources */ = {isa = PBXBuildFile; fileRef = 87E9A5D01EC40BA600A86B83 /* DispatchQueueConfiguration.swift */; };
		87E9A6011EC40BA600A86B83 /* Disposable.swift in Sources */ = {isa = PBXBuildFile; fileRef = 87E9A5D11EC40BA600A86B83 /* Disposable.swift */; };
		87E9A6021EC40BA600A86B83 /* Disposables.swift in Sources */ = {isa = PBXBuildFile; fileRef = 87E9A5D21EC40BA600A86B83 /* Disposables.swift */; };
		87E9A6031EC40BA600A86B83 /* DisposeBase.swift in Sources */ = {isa = PBXBuildFile; fileRef = 87E9A5D31EC40BA600A86B83 /* DisposeBase.swift */; };
		87E9A6041EC40BA600A86B83 /* Event.swift in Sources */ = {isa = PBXBuildFile; fileRef = 87E9A5D41EC40BA600A86B83 /* Event.swift */; };
		87E9A6051EC40BA600A86B83 /* ImmediateSchedulerType.swift in Sources */ = {isa = PBXBuildFile; fileRef = 87E9A5D51EC40BA600A86B83 /* ImmediateSchedulerType.swift */; };
		87E9A6061EC40BA600A86B83 /* InvocableType.swift in Sources */ = {isa = PBXBuildFile; fileRef = 87E9A5D61EC40BA600A86B83 /* InvocableType.swift */; };
		87E9A6071EC40BA600A86B83 /* Lock.swift in Sources */ = {isa = PBXBuildFile; fileRef = 87E9A5D71EC40BA600A86B83 /* Lock.swift */; };
		87E9A6081EC40BA600A86B83 /* LockOwnerType.swift in Sources */ = {isa = PBXBuildFile; fileRef = 87E9A5D81EC40BA600A86B83 /* LockOwnerType.swift */; };
		87E9A6091EC40BA600A86B83 /* NopDisposable.swift in Sources */ = {isa = PBXBuildFile; fileRef = 87E9A5D91EC40BA600A86B83 /* NopDisposable.swift */; };
		87E9A60A1EC40BA600A86B83 /* Observable.swift in Sources */ = {isa = PBXBuildFile; fileRef = 87E9A5DA1EC40BA600A86B83 /* Observable.swift */; };
		87E9A60B1EC40BA600A86B83 /* Observable+Creation.swift in Sources */ = {isa = PBXBuildFile; fileRef = 87E9A5DB1EC40BA600A86B83 /* Observable+Creation.swift */; };
		87E9A60C1EC40BA600A86B83 /* ObservableConvertibleType.swift in Sources */ = {isa = PBXBuildFile; fileRef = 87E9A5DC1EC40BA600A86B83 /* ObservableConvertibleType.swift */; };
		87E9A60D1EC40BA600A86B83 /* ObservableType.swift in Sources */ = {isa = PBXBuildFile; fileRef = 87E9A5DD1EC40BA600A86B83 /* ObservableType.swift */; };
		87E9A60E1EC40BA600A86B83 /* ObservableType+Extensions.swift in Sources */ = {isa = PBXBuildFile; fileRef = 87E9A5DE1EC40BA600A86B83 /* ObservableType+Extensions.swift */; };
		87E9A60F1EC40BA600A86B83 /* ObserveOn.swift in Sources */ = {isa = PBXBuildFile; fileRef = 87E9A5DF1EC40BA600A86B83 /* ObserveOn.swift */; };
		87E9A6101EC40BA600A86B83 /* ObserverBase.swift in Sources */ = {isa = PBXBuildFile; fileRef = 87E9A5E01EC40BA600A86B83 /* ObserverBase.swift */; };
		87E9A6111EC40BA600A86B83 /* ObserverType.swift in Sources */ = {isa = PBXBuildFile; fileRef = 87E9A5E11EC40BA600A86B83 /* ObserverType.swift */; };
		87E9A6121EC40BA600A86B83 /* Platform.Darwin.swift in Sources */ = {isa = PBXBuildFile; fileRef = 87E9A5E21EC40BA600A86B83 /* Platform.Darwin.swift */; };
		87E9A6131EC40BA600A86B83 /* Producer.swift in Sources */ = {isa = PBXBuildFile; fileRef = 87E9A5E31EC40BA600A86B83 /* Producer.swift */; };
		87E9A6141EC40BA600A86B83 /* Queue.swift in Sources */ = {isa = PBXBuildFile; fileRef = 87E9A5E41EC40BA600A86B83 /* Queue.swift */; };
		87E9A6151EC40BA600A86B83 /* RecursiveLock.swift in Sources */ = {isa = PBXBuildFile; fileRef = 87E9A5E51EC40BA600A86B83 /* RecursiveLock.swift */; };
		87E9A6161EC40BA600A86B83 /* RecursiveScheduler.swift in Sources */ = {isa = PBXBuildFile; fileRef = 87E9A5E61EC40BA600A86B83 /* RecursiveScheduler.swift */; };
		87E9A6171EC40BA600A86B83 /* Rx.swift in Sources */ = {isa = PBXBuildFile; fileRef = 87E9A5E71EC40BA600A86B83 /* Rx.swift */; };
		87E9A6181EC40BA600A86B83 /* RxMutableBox.swift in Sources */ = {isa = PBXBuildFile; fileRef = 87E9A5E81EC40BA600A86B83 /* RxMutableBox.swift */; };
		87E9A6191EC40BA600A86B83 /* Scan.swift in Sources */ = {isa = PBXBuildFile; fileRef = 87E9A5E91EC40BA600A86B83 /* Scan.swift */; };
		87E9A61A1EC40BA600A86B83 /* ScheduledItem.swift in Sources */ = {isa = PBXBuildFile; fileRef = 87E9A5EA1EC40BA600A86B83 /* ScheduledItem.swift */; };
		87E9A61B1EC40BA600A86B83 /* ScheduledItemType.swift in Sources */ = {isa = PBXBuildFile; fileRef = 87E9A5EB1EC40BA600A86B83 /* ScheduledItemType.swift */; };
		87E9A61C1EC40BA600A86B83 /* SchedulerType.swift in Sources */ = {isa = PBXBuildFile; fileRef = 87E9A5EC1EC40BA600A86B83 /* SchedulerType.swift */; };
		87E9A61D1EC40BA600A86B83 /* SerialDispatchQueueScheduler.swift in Sources */ = {isa = PBXBuildFile; fileRef = 87E9A5ED1EC40BA600A86B83 /* SerialDispatchQueueScheduler.swift */; };
		87E9A61E1EC40BA600A86B83 /* SerialDisposable.swift in Sources */ = {isa = PBXBuildFile; fileRef = 87E9A5EE1EC40BA600A86B83 /* SerialDisposable.swift */; };
		87E9A61F1EC40BA600A86B83 /* SingleAssignmentDisposable.swift in Sources */ = {isa = PBXBuildFile; fileRef = 87E9A5EF1EC40BA600A86B83 /* SingleAssignmentDisposable.swift */; };
		87E9A6201EC40BA600A86B83 /* Sink.swift in Sources */ = {isa = PBXBuildFile; fileRef = 87E9A5F01EC40BA600A86B83 /* Sink.swift */; };
		87E9A6211EC40BA600A86B83 /* SynchronizedOnType.swift in Sources */ = {isa = PBXBuildFile; fileRef = 87E9A5F11EC40BA600A86B83 /* SynchronizedOnType.swift */; };
		87E9A6221EC40BA600A86B83 /* Zip.swift in Sources */ = {isa = PBXBuildFile; fileRef = 87E9A5F21EC40BA600A86B83 /* Zip.swift */; };
		87E9A6231EC40BA600A86B83 /* Zip+arity.swift in Sources */ = {isa = PBXBuildFile; fileRef = 87E9A5F31EC40BA600A86B83 /* Zip+arity.swift */; };
		87E9A6251EC4144F00A86B83 /* Observable+MergeTest.swift in Sources */ = {isa = PBXBuildFile; fileRef = 87E9A6241EC4144F00A86B83 /* Observable+MergeTest.swift */; };
		87E9A6271EC414C000A86B83 /* Sequence.swift in Sources */ = {isa = PBXBuildFile; fileRef = 87E9A6261EC414C000A86B83 /* Sequence.swift */; };
		87E9A6291EC41AC300A86B83 /* Merge.swift in Sources */ = {isa = PBXBuildFile; fileRef = 87E9A6281EC41AC300A86B83 /* Merge.swift */; };
		E32E35DB11BD1C7724BEB1E7 /* Pods_ios_study.framework in Frameworks */ = {isa = PBXBuildFile; fileRef = 94479CB195CA376FC023625C /* Pods_ios_study.framework */; };
/* End PBXBuildFile section */

/* Begin PBXContainerItemProxy section */
		87E9A5AD1EC40AE200A86B83 /* PBXContainerItemProxy */ = {
			isa = PBXContainerItemProxy;
			containerPortal = 87CDE1E31E6CFE750030D1AC /* Project object */;
			proxyType = 1;
			remoteGlobalIDString = 87E9A5A21EC40AE200A86B83;
			remoteInfo = RxSwift;
		};
		87E9A5AF1EC40AE200A86B83 /* PBXContainerItemProxy */ = {
			isa = PBXContainerItemProxy;
			containerPortal = 87CDE1E31E6CFE750030D1AC /* Project object */;
			proxyType = 1;
			remoteGlobalIDString = 87CDE1EA1E6CFE750030D1AC;
			remoteInfo = "ios-study";
		};
		87E9A5B61EC40AE200A86B83 /* PBXContainerItemProxy */ = {
			isa = PBXContainerItemProxy;
			containerPortal = 87CDE1E31E6CFE750030D1AC /* Project object */;
			proxyType = 1;
			remoteGlobalIDString = 87E9A5A21EC40AE200A86B83;
			remoteInfo = RxSwift;
		};
/* End PBXContainerItemProxy section */

/* Begin PBXCopyFilesBuildPhase section */
		87E9A59A1EC40AB100A86B83 /* Embed Frameworks */ = {
			isa = PBXCopyFilesBuildPhase;
			buildActionMask = 2147483647;
			dstPath = "";
			dstSubfolderSpec = 10;
			files = (
				87E9A5B91EC40AE200A86B83 /* RxSwift.framework in Embed Frameworks */,
			);
			name = "Embed Frameworks";
			runOnlyForDeploymentPostprocessing = 0;
		};
/* End PBXCopyFilesBuildPhase section */

/* Begin PBXFileReference section */
		87CA299B1EC0127F00F03E7B /* GPUImage2 */ = {isa = PBXFileReference; lastKnownFileType = folder; path = GPUImage2; sourceTree = "<group>"; };
		87CDE1EB1E6CFE750030D1AC /* ios-study.app */ = {isa = PBXFileReference; explicitFileType = wrapper.application; includeInIndex = 0; path = "ios-study.app"; sourceTree = BUILT_PRODUCTS_DIR; };
		87CDE1EE1E6CFE750030D1AC /* AppDelegate.swift */ = {isa = PBXFileReference; lastKnownFileType = sourcecode.swift; path = AppDelegate.swift; sourceTree = "<group>"; };
		87CDE1F01E6CFE750030D1AC /* ViewController.swift */ = {isa = PBXFileReference; lastKnownFileType = sourcecode.swift; path = ViewController.swift; sourceTree = "<group>"; };
		87CDE1F31E6CFE750030D1AC /* Base */ = {isa = PBXFileReference; lastKnownFileType = file.storyboard; name = Base; path = Base.lproj/Main.storyboard; sourceTree = "<group>"; };
		87CDE1F51E6CFE750030D1AC /* Assets.xcassets */ = {isa = PBXFileReference; lastKnownFileType = folder.assetcatalog; path = Assets.xcassets; sourceTree = "<group>"; };
		87CDE1F81E6CFE750030D1AC /* Base */ = {isa = PBXFileReference; lastKnownFileType = file.storyboard; name = Base; path = Base.lproj/LaunchScreen.storyboard; sourceTree = "<group>"; };
		87CDE1FA1E6CFE750030D1AC /* Info.plist */ = {isa = PBXFileReference; lastKnownFileType = text.plist.xml; path = Info.plist; sourceTree = "<group>"; };
		87E9A5A31EC40AE200A86B83 /* RxSwift.framework */ = {isa = PBXFileReference; explicitFileType = wrapper.framework; includeInIndex = 0; path = RxSwift.framework; sourceTree = BUILT_PRODUCTS_DIR; };
		87E9A5A51EC40AE200A86B83 /* RxSwift.h */ = {isa = PBXFileReference; lastKnownFileType = sourcecode.c.h; path = RxSwift.h; sourceTree = "<group>"; };
		87E9A5A61EC40AE200A86B83 /* Info.plist */ = {isa = PBXFileReference; lastKnownFileType = text.plist.xml; path = Info.plist; sourceTree = "<group>"; };
		87E9A5AB1EC40AE200A86B83 /* RxSwiftTests.xctest */ = {isa = PBXFileReference; explicitFileType = wrapper.cfbundle; includeInIndex = 0; path = RxSwiftTests.xctest; sourceTree = BUILT_PRODUCTS_DIR; };
		87E9A5B21EC40AE200A86B83 /* RxSwiftTests.swift */ = {isa = PBXFileReference; lastKnownFileType = sourcecode.swift; path = RxSwiftTests.swift; sourceTree = "<group>"; };
		87E9A5B41EC40AE200A86B83 /* Info.plist */ = {isa = PBXFileReference; lastKnownFileType = text.plist.xml; path = Info.plist; sourceTree = "<group>"; };
		87E9A5C01EC40B1F00A86B83 /* CurrentThreadSchedulerTest.swift */ = {isa = PBXFileReference; fileEncoding = 4; lastKnownFileType = sourcecode.swift; path = CurrentThreadSchedulerTest.swift; sourceTree = "<group>"; };
		87E9A5C21EC40B3300A86B83 /* RxTest.swift */ = {isa = PBXFileReference; fileEncoding = 4; lastKnownFileType = sourcecode.swift; path = RxTest.swift; sourceTree = "<group>"; };
		87E9A5C41EC40BA600A86B83 /* AnonymousDisposable.swift */ = {isa = PBXFileReference; fileEncoding = 4; lastKnownFileType = sourcecode.swift; path = AnonymousDisposable.swift; sourceTree = "<group>"; };
		87E9A5C51EC40BA600A86B83 /* AnonymousObservable.swift */ = {isa = PBXFileReference; fileEncoding = 4; lastKnownFileType = sourcecode.swift; path = AnonymousObservable.swift; sourceTree = "<group>"; };
		87E9A5C61EC40BA600A86B83 /* AnonymousObserver.swift */ = {isa = PBXFileReference; fileEncoding = 4; lastKnownFileType = sourcecode.swift; path = AnonymousObserver.swift; sourceTree = "<group>"; };
		87E9A5C71EC40BA600A86B83 /* AnyObserver.swift */ = {isa = PBXFileReference; fileEncoding = 4; lastKnownFileType = sourcecode.swift; path = AnyObserver.swift; sourceTree = "<group>"; };
		87E9A5C81EC40BA600A86B83 /* Bag.swift */ = {isa = PBXFileReference; fileEncoding = 4; lastKnownFileType = sourcecode.swift; path = Bag.swift; sourceTree = "<group>"; };
		87E9A5C91EC40BA600A86B83 /* Bag+Rx.swift */ = {isa = PBXFileReference; fileEncoding = 4; lastKnownFileType = sourcecode.swift; path = "Bag+Rx.swift"; sourceTree = "<group>"; };
		87E9A5CA1EC40BA600A86B83 /* BinaryDisposable.swift */ = {isa = PBXFileReference; fileEncoding = 4; lastKnownFileType = sourcecode.swift; path = BinaryDisposable.swift; sourceTree = "<group>"; };
		87E9A5CB1EC40BA600A86B83 /* Cancelable.swift */ = {isa = PBXFileReference; fileEncoding = 4; lastKnownFileType = sourcecode.swift; path = Cancelable.swift; sourceTree = "<group>"; };
		87E9A5CC1EC40BA600A86B83 /* CombineLatest.swift */ = {isa = PBXFileReference; fileEncoding = 4; lastKnownFileType = sourcecode.swift; path = CombineLatest.swift; sourceTree = "<group>"; };
		87E9A5CD1EC40BA600A86B83 /* CombineLatest+arity.swift */ = {isa = PBXFileReference; fileEncoding = 4; lastKnownFileType = sourcecode.swift; path = "CombineLatest+arity.swift"; sourceTree = "<group>"; };
		87E9A5CE1EC40BA600A86B83 /* CompositeDisposable.swift */ = {isa = PBXFileReference; fileEncoding = 4; lastKnownFileType = sourcecode.swift; path = CompositeDisposable.swift; sourceTree = "<group>"; };
		87E9A5CF1EC40BA600A86B83 /* CurrentThreadScheduler.swift */ = {isa = PBXFileReference; fileEncoding = 4; lastKnownFileType = sourcecode.swift; path = CurrentThreadScheduler.swift; sourceTree = "<group>"; };
		87E9A5D01EC40BA600A86B83 /* DispatchQueueConfiguration.swift */ = {isa = PBXFileReference; fileEncoding = 4; lastKnownFileType = sourcecode.swift; path = DispatchQueueConfiguration.swift; sourceTree = "<group>"; };
		87E9A5D11EC40BA600A86B83 /* Disposable.swift */ = {isa = PBXFileReference; fileEncoding = 4; lastKnownFileType = sourcecode.swift; path = Disposable.swift; sourceTree = "<group>"; };
		87E9A5D21EC40BA600A86B83 /* Disposables.swift */ = {isa = PBXFileReference; fileEncoding = 4; lastKnownFileType = sourcecode.swift; path = Disposables.swift; sourceTree = "<group>"; };
		87E9A5D31EC40BA600A86B83 /* DisposeBase.swift */ = {isa = PBXFileReference; fileEncoding = 4; lastKnownFileType = sourcecode.swift; path = DisposeBase.swift; sourceTree = "<group>"; };
		87E9A5D41EC40BA600A86B83 /* Event.swift */ = {isa = PBXFileReference; fileEncoding = 4; lastKnownFileType = sourcecode.swift; path = Event.swift; sourceTree = "<group>"; };
		87E9A5D51EC40BA600A86B83 /* ImmediateSchedulerType.swift */ = {isa = PBXFileReference; fileEncoding = 4; lastKnownFileType = sourcecode.swift; path = ImmediateSchedulerType.swift; sourceTree = "<group>"; };
		87E9A5D61EC40BA600A86B83 /* InvocableType.swift */ = {isa = PBXFileReference; fileEncoding = 4; lastKnownFileType = sourcecode.swift; path = InvocableType.swift; sourceTree = "<group>"; };
		87E9A5D71EC40BA600A86B83 /* Lock.swift */ = {isa = PBXFileReference; fileEncoding = 4; lastKnownFileType = sourcecode.swift; path = Lock.swift; sourceTree = "<group>"; };
		87E9A5D81EC40BA600A86B83 /* LockOwnerType.swift */ = {isa = PBXFileReference; fileEncoding = 4; lastKnownFileType = sourcecode.swift; path = LockOwnerType.swift; sourceTree = "<group>"; };
		87E9A5D91EC40BA600A86B83 /* NopDisposable.swift */ = {isa = PBXFileReference; fileEncoding = 4; lastKnownFileType = sourcecode.swift; path = NopDisposable.swift; sourceTree = "<group>"; };
		87E9A5DA1EC40BA600A86B83 /* Observable.swift */ = {isa = PBXFileReference; fileEncoding = 4; lastKnownFileType = sourcecode.swift; path = Observable.swift; sourceTree = "<group>"; };
		87E9A5DB1EC40BA600A86B83 /* Observable+Creation.swift */ = {isa = PBXFileReference; fileEncoding = 4; lastKnownFileType = sourcecode.swift; path = "Observable+Creation.swift"; sourceTree = "<group>"; };
		87E9A5DC1EC40BA600A86B83 /* ObservableConvertibleType.swift */ = {isa = PBXFileReference; fileEncoding = 4; lastKnownFileType = sourcecode.swift; path = ObservableConvertibleType.swift; sourceTree = "<group>"; };
		87E9A5DD1EC40BA600A86B83 /* ObservableType.swift */ = {isa = PBXFileReference; fileEncoding = 4; lastKnownFileType = sourcecode.swift; path = ObservableType.swift; sourceTree = "<group>"; };
		87E9A5DE1EC40BA600A86B83 /* ObservableType+Extensions.swift */ = {isa = PBXFileReference; fileEncoding = 4; lastKnownFileType = sourcecode.swift; path = "ObservableType+Extensions.swift"; sourceTree = "<group>"; };
		87E9A5DF1EC40BA600A86B83 /* ObserveOn.swift */ = {isa = PBXFileReference; fileEncoding = 4; lastKnownFileType = sourcecode.swift; path = ObserveOn.swift; sourceTree = "<group>"; };
		87E9A5E01EC40BA600A86B83 /* ObserverBase.swift */ = {isa = PBXFileReference; fileEncoding = 4; lastKnownFileType = sourcecode.swift; path = ObserverBase.swift; sourceTree = "<group>"; };
		87E9A5E11EC40BA600A86B83 /* ObserverType.swift */ = {isa = PBXFileReference; fileEncoding = 4; lastKnownFileType = sourcecode.swift; path = ObserverType.swift; sourceTree = "<group>"; };
		87E9A5E21EC40BA600A86B83 /* Platform.Darwin.swift */ = {isa = PBXFileReference; fileEncoding = 4; lastKnownFileType = sourcecode.swift; path = Platform.Darwin.swift; sourceTree = "<group>"; };
		87E9A5E31EC40BA600A86B83 /* Producer.swift */ = {isa = PBXFileReference; fileEncoding = 4; lastKnownFileType = sourcecode.swift; path = Producer.swift; sourceTree = "<group>"; };
		87E9A5E41EC40BA600A86B83 /* Queue.swift */ = {isa = PBXFileReference; fileEncoding = 4; lastKnownFileType = sourcecode.swift; path = Queue.swift; sourceTree = "<group>"; };
		87E9A5E51EC40BA600A86B83 /* RecursiveLock.swift */ = {isa = PBXFileReference; fileEncoding = 4; lastKnownFileType = sourcecode.swift; path = RecursiveLock.swift; sourceTree = "<group>"; };
		87E9A5E61EC40BA600A86B83 /* RecursiveScheduler.swift */ = {isa = PBXFileReference; fileEncoding = 4; lastKnownFileType = sourcecode.swift; path = RecursiveScheduler.swift; sourceTree = "<group>"; };
		87E9A5E71EC40BA600A86B83 /* Rx.swift */ = {isa = PBXFileReference; fileEncoding = 4; lastKnownFileType = sourcecode.swift; path = Rx.swift; sourceTree = "<group>"; };
		87E9A5E81EC40BA600A86B83 /* RxMutableBox.swift */ = {isa = PBXFileReference; fileEncoding = 4; lastKnownFileType = sourcecode.swift; path = RxMutableBox.swift; sourceTree = "<group>"; };
		87E9A5E91EC40BA600A86B83 /* Scan.swift */ = {isa = PBXFileReference; fileEncoding = 4; lastKnownFileType = sourcecode.swift; path = Scan.swift; sourceTree = "<group>"; };
		87E9A5EA1EC40BA600A86B83 /* ScheduledItem.swift */ = {isa = PBXFileReference; fileEncoding = 4; lastKnownFileType = sourcecode.swift; path = ScheduledItem.swift; sourceTree = "<group>"; };
		87E9A5EB1EC40BA600A86B83 /* ScheduledItemType.swift */ = {isa = PBXFileReference; fileEncoding = 4; lastKnownFileType = sourcecode.swift; path = ScheduledItemType.swift; sourceTree = "<group>"; };
		87E9A5EC1EC40BA600A86B83 /* SchedulerType.swift */ = {isa = PBXFileReference; fileEncoding = 4; lastKnownFileType = sourcecode.swift; path = SchedulerType.swift; sourceTree = "<group>"; };
		87E9A5ED1EC40BA600A86B83 /* SerialDispatchQueueScheduler.swift */ = {isa = PBXFileReference; fileEncoding = 4; lastKnownFileType = sourcecode.swift; path = SerialDispatchQueueScheduler.swift; sourceTree = "<group>"; };
		87E9A5EE1EC40BA600A86B83 /* SerialDisposable.swift */ = {isa = PBXFileReference; fileEncoding = 4; lastKnownFileType = sourcecode.swift; path = SerialDisposable.swift; sourceTree = "<group>"; };
		87E9A5EF1EC40BA600A86B83 /* SingleAssignmentDisposable.swift */ = {isa = PBXFileReference; fileEncoding = 4; lastKnownFileType = sourcecode.swift; path = SingleAssignmentDisposable.swift; sourceTree = "<group>"; };
		87E9A5F01EC40BA600A86B83 /* Sink.swift */ = {isa = PBXFileReference; fileEncoding = 4; lastKnownFileType = sourcecode.swift; path = Sink.swift; sourceTree = "<group>"; };
		87E9A5F11EC40BA600A86B83 /* SynchronizedOnType.swift */ = {isa = PBXFileReference; fileEncoding = 4; lastKnownFileType = sourcecode.swift; path = SynchronizedOnType.swift; sourceTree = "<group>"; };
		87E9A5F21EC40BA600A86B83 /* Zip.swift */ = {isa = PBXFileReference; fileEncoding = 4; lastKnownFileType = sourcecode.swift; path = Zip.swift; sourceTree = "<group>"; };
		87E9A5F31EC40BA600A86B83 /* Zip+arity.swift */ = {isa = PBXFileReference; fileEncoding = 4; lastKnownFileType = sourcecode.swift; path = "Zip+arity.swift"; sourceTree = "<group>"; };
		87E9A6241EC4144F00A86B83 /* Observable+MergeTest.swift */ = {isa = PBXFileReference; fileEncoding = 4; lastKnownFileType = sourcecode.swift; path = "Observable+MergeTest.swift"; sourceTree = "<group>"; };
		87E9A6261EC414C000A86B83 /* Sequence.swift */ = {isa = PBXFileReference; fileEncoding = 4; lastKnownFileType = sourcecode.swift; path = Sequence.swift; sourceTree = "<group>"; };
		87E9A6281EC41AC300A86B83 /* Merge.swift */ = {isa = PBXFileReference; fileEncoding = 4; lastKnownFileType = sourcecode.swift; path = Merge.swift; sourceTree = "<group>"; };
		94479CB195CA376FC023625C /* Pods_ios_study.framework */ = {isa = PBXFileReference; explicitFileType = wrapper.framework; includeInIndex = 0; path = Pods_ios_study.framework; sourceTree = BUILT_PRODUCTS_DIR; };
		DE5DF0ED4ABE33573C2C07DC /* Pods-ios-study.debug.xcconfig */ = {isa = PBXFileReference; includeInIndex = 1; lastKnownFileType = text.xcconfig; name = "Pods-ios-study.debug.xcconfig"; path = "Pods/Target Support Files/Pods-ios-study/Pods-ios-study.debug.xcconfig"; sourceTree = "<group>"; };
		DFA139F3B960595CF49FF03B /* Pods-ios-study.release.xcconfig */ = {isa = PBXFileReference; includeInIndex = 1; lastKnownFileType = text.xcconfig; name = "Pods-ios-study.release.xcconfig"; path = "Pods/Target Support Files/Pods-ios-study/Pods-ios-study.release.xcconfig"; sourceTree = "<group>"; };
/* End PBXFileReference section */

/* Begin PBXFrameworksBuildPhase section */
		87CDE1E81E6CFE750030D1AC /* Frameworks */ = {
			isa = PBXFrameworksBuildPhase;
			buildActionMask = 2147483647;
			files = (
				87E9A5B81EC40AE200A86B83 /* RxSwift.framework in Frameworks */,
				E32E35DB11BD1C7724BEB1E7 /* Pods_ios_study.framework in Frameworks */,
			);
			runOnlyForDeploymentPostprocessing = 0;
		};
		87E9A59F1EC40AE200A86B83 /* Frameworks */ = {
			isa = PBXFrameworksBuildPhase;
			buildActionMask = 2147483647;
			files = (
			);
			runOnlyForDeploymentPostprocessing = 0;
		};
		87E9A5A81EC40AE200A86B83 /* Frameworks */ = {
			isa = PBXFrameworksBuildPhase;
			buildActionMask = 2147483647;
			files = (
				87E9A5AC1EC40AE200A86B83 /* RxSwift.framework in Frameworks */,
			);
			runOnlyForDeploymentPostprocessing = 0;
		};
/* End PBXFrameworksBuildPhase section */

/* Begin PBXGroup section */
		4CE98EABD6F458F3E7AEB780 /* Frameworks */ = {
			isa = PBXGroup;
			children = (
				94479CB195CA376FC023625C /* Pods_ios_study.framework */,
			);
			name = Frameworks;
			sourceTree = "<group>";
		};
		87CDE1E21E6CFE750030D1AC = {
			isa = PBXGroup;
			children = (
				87CDE1ED1E6CFE750030D1AC /* ios-study */,
				87E9A5A41EC40AE200A86B83 /* RxSwift */,
				87E9A5B11EC40AE200A86B83 /* RxSwiftTests */,
				87CDE1EC1E6CFE750030D1AC /* Products */,
				8FDDA87BCACA9724396CE8F1 /* Pods */,
				4CE98EABD6F458F3E7AEB780 /* Frameworks */,
			);
			sourceTree = "<group>";
		};
		87CDE1EC1E6CFE750030D1AC /* Products */ = {
			isa = PBXGroup;
			children = (
				87CDE1EB1E6CFE750030D1AC /* ios-study.app */,
				87E9A5A31EC40AE200A86B83 /* RxSwift.framework */,
				87E9A5AB1EC40AE200A86B83 /* RxSwiftTests.xctest */,
			);
			name = Products;
			sourceTree = "<group>";
		};
		87CDE1ED1E6CFE750030D1AC /* ios-study */ = {
			isa = PBXGroup;
			children = (
				87CA299B1EC0127F00F03E7B /* GPUImage2 */,
				87CDE1EE1E6CFE750030D1AC /* AppDelegate.swift */,
				87CDE1F01E6CFE750030D1AC /* ViewController.swift */,
				87CDE1F21E6CFE750030D1AC /* Main.storyboard */,
				87CDE1F51E6CFE750030D1AC /* Assets.xcassets */,
				87CDE1F71E6CFE750030D1AC /* LaunchScreen.storyboard */,
				87CDE1FA1E6CFE750030D1AC /* Info.plist */,
			);
			path = "ios-study";
			sourceTree = "<group>";
		};
		87E9A5A41EC40AE200A86B83 /* RxSwift */ = {
			isa = PBXGroup;
			children = (
				87E9A5A51EC40AE200A86B83 /* RxSwift.h */,
				87E9A5C41EC40BA600A86B83 /* AnonymousDisposable.swift */,
				87E9A5C51EC40BA600A86B83 /* AnonymousObservable.swift */,
				87E9A5C61EC40BA600A86B83 /* AnonymousObserver.swift */,
				87E9A5C71EC40BA600A86B83 /* AnyObserver.swift */,
				87E9A5C81EC40BA600A86B83 /* Bag.swift */,
				87E9A5C91EC40BA600A86B83 /* Bag+Rx.swift */,
				87E9A5CA1EC40BA600A86B83 /* BinaryDisposable.swift */,
				87E9A5CB1EC40BA600A86B83 /* Cancelable.swift */,
				87E9A5CC1EC40BA600A86B83 /* CombineLatest.swift */,
				87E9A5CD1EC40BA600A86B83 /* CombineLatest+arity.swift */,
				87E9A5CE1EC40BA600A86B83 /* CompositeDisposable.swift */,
				87E9A5CF1EC40BA600A86B83 /* CurrentThreadScheduler.swift */,
				87E9A5D01EC40BA600A86B83 /* DispatchQueueConfiguration.swift */,
				87E9A5D11EC40BA600A86B83 /* Disposable.swift */,
				87E9A5D21EC40BA600A86B83 /* Disposables.swift */,
				87E9A5D31EC40BA600A86B83 /* DisposeBase.swift */,
				87E9A5D41EC40BA600A86B83 /* Event.swift */,
				87E9A5D51EC40BA600A86B83 /* ImmediateSchedulerType.swift */,
				87E9A5D61EC40BA600A86B83 /* InvocableType.swift */,
				87E9A5D71EC40BA600A86B83 /* Lock.swift */,
				87E9A5D81EC40BA600A86B83 /* LockOwnerType.swift */,
				87E9A5D91EC40BA600A86B83 /* NopDisposable.swift */,
				87E9A5DA1EC40BA600A86B83 /* Observable.swift */,
				87E9A5DB1EC40BA600A86B83 /* Observable+Creation.swift */,
				87E9A5DC1EC40BA600A86B83 /* ObservableConvertibleType.swift */,
				87E9A5DD1EC40BA600A86B83 /* ObservableType.swift */,
				87E9A5DE1EC40BA600A86B83 /* ObservableType+Extensions.swift */,
				87E9A5DF1EC40BA600A86B83 /* ObserveOn.swift */,
				87E9A5E01EC40BA600A86B83 /* ObserverBase.swift */,
				87E9A5E11EC40BA600A86B83 /* ObserverType.swift */,
				87E9A5E21EC40BA600A86B83 /* Platform.Darwin.swift */,
				87E9A5E31EC40BA600A86B83 /* Producer.swift */,
				87E9A5E41EC40BA600A86B83 /* Queue.swift */,
				87E9A5E51EC40BA600A86B83 /* RecursiveLock.swift */,
				87E9A5E61EC40BA600A86B83 /* RecursiveScheduler.swift */,
				87E9A5E71EC40BA600A86B83 /* Rx.swift */,
				87E9A5E81EC40BA600A86B83 /* RxMutableBox.swift */,
				87E9A5E91EC40BA600A86B83 /* Scan.swift */,
				87E9A5EA1EC40BA600A86B83 /* ScheduledItem.swift */,
				87E9A5EB1EC40BA600A86B83 /* ScheduledItemType.swift */,
				87E9A5EC1EC40BA600A86B83 /* SchedulerType.swift */,
				87E9A5ED1EC40BA600A86B83 /* SerialDispatchQueueScheduler.swift */,
				87E9A5EE1EC40BA600A86B83 /* SerialDisposable.swift */,
				87E9A5EF1EC40BA600A86B83 /* SingleAssignmentDisposable.swift */,
				87E9A5F01EC40BA600A86B83 /* Sink.swift */,
				87E9A5F11EC40BA600A86B83 /* SynchronizedOnType.swift */,
				87E9A5F21EC40BA600A86B83 /* Zip.swift */,
				87E9A5F31EC40BA600A86B83 /* Zip+arity.swift */,
				87E9A5A61EC40AE200A86B83 /* Info.plist */,
				87E9A6261EC414C000A86B83 /* Sequence.swift */,
				87E9A6281EC41AC300A86B83 /* Merge.swift */,
			);
			path = RxSwift;
			sourceTree = "<group>";
		};
		87E9A5B11EC40AE200A86B83 /* RxSwiftTests */ = {
			isa = PBXGroup;
			children = (
				87E9A5B21EC40AE200A86B83 /* RxSwiftTests.swift */,
				87E9A5B41EC40AE200A86B83 /* Info.plist */,
				87E9A5C01EC40B1F00A86B83 /* CurrentThreadSchedulerTest.swift */,
				87E9A5C21EC40B3300A86B83 /* RxTest.swift */,
				87E9A6241EC4144F00A86B83 /* Observable+MergeTest.swift */,
			);
			path = RxSwiftTests;
			sourceTree = "<group>";
		};
		8FDDA87BCACA9724396CE8F1 /* Pods */ = {
			isa = PBXGroup;
			children = (
				DE5DF0ED4ABE33573C2C07DC /* Pods-ios-study.debug.xcconfig */,
				DFA139F3B960595CF49FF03B /* Pods-ios-study.release.xcconfig */,
			);
			name = Pods;
			sourceTree = "<group>";
		};
/* End PBXGroup section */

/* Begin PBXHeadersBuildPhase section */
		87E9A5A01EC40AE200A86B83 /* Headers */ = {
			isa = PBXHeadersBuildPhase;
			buildActionMask = 2147483647;
			files = (
				87E9A5B51EC40AE200A86B83 /* RxSwift.h in Headers */,
			);
			runOnlyForDeploymentPostprocessing = 0;
		};
/* End PBXHeadersBuildPhase section */

/* Begin PBXNativeTarget section */
		87CDE1EA1E6CFE750030D1AC /* ios-study */ = {
			isa = PBXNativeTarget;
			buildConfigurationList = 87CDE1FD1E6CFE750030D1AC /* Build configuration list for PBXNativeTarget "ios-study" */;
			buildPhases = (
				66DD29127CFFC58B37949830 /* [CP] Check Pods Manifest.lock */,
				87CDE1E71E6CFE750030D1AC /* Sources */,
				87CDE1E81E6CFE750030D1AC /* Frameworks */,
				87CDE1E91E6CFE750030D1AC /* Resources */,
				CF80FFA124D840D54E8B0C8D /* [CP] Embed Pods Frameworks */,
				65318EF15F9AB5CDDBD1E3AD /* [CP] Copy Pods Resources */,
				87E9A59A1EC40AB100A86B83 /* Embed Frameworks */,
			);
			buildRules = (
			);
			dependencies = (
				87E9A5B71EC40AE200A86B83 /* PBXTargetDependency */,
			);
			name = "ios-study";
			productName = "ios-study";
			productReference = 87CDE1EB1E6CFE750030D1AC /* ios-study.app */;
			productType = "com.apple.product-type.application";
		};
		87E9A5A21EC40AE200A86B83 /* RxSwift */ = {
			isa = PBXNativeTarget;
			buildConfigurationList = 87E9A5BA1EC40AE200A86B83 /* Build configuration list for PBXNativeTarget "RxSwift" */;
			buildPhases = (
				87E9A59E1EC40AE200A86B83 /* Sources */,
				87E9A59F1EC40AE200A86B83 /* Frameworks */,
				87E9A5A01EC40AE200A86B83 /* Headers */,
				87E9A5A11EC40AE200A86B83 /* Resources */,
			);
			buildRules = (
			);
			dependencies = (
			);
			name = RxSwift;
			productName = RxSwift;
			productReference = 87E9A5A31EC40AE200A86B83 /* RxSwift.framework */;
			productType = "com.apple.product-type.framework";
		};
		87E9A5AA1EC40AE200A86B83 /* RxSwiftTests */ = {
			isa = PBXNativeTarget;
			buildConfigurationList = 87E9A5BD1EC40AE200A86B83 /* Build configuration list for PBXNativeTarget "RxSwiftTests" */;
			buildPhases = (
				87E9A5A71EC40AE200A86B83 /* Sources */,
				87E9A5A81EC40AE200A86B83 /* Frameworks */,
				87E9A5A91EC40AE200A86B83 /* Resources */,
			);
			buildRules = (
			);
			dependencies = (
				87E9A5AE1EC40AE200A86B83 /* PBXTargetDependency */,
				87E9A5B01EC40AE200A86B83 /* PBXTargetDependency */,
			);
			name = RxSwiftTests;
			productName = RxSwiftTests;
			productReference = 87E9A5AB1EC40AE200A86B83 /* RxSwiftTests.xctest */;
			productType = "com.apple.product-type.bundle.unit-test";
		};
/* End PBXNativeTarget section */

/* Begin PBXProject section */
		87CDE1E31E6CFE750030D1AC /* Project object */ = {
			isa = PBXProject;
			attributes = {
				LastSwiftUpdateCheck = 0830;
				LastUpgradeCheck = 0830;
				ORGANIZATIONNAME = twentyhours;
				TargetAttributes = {
					87CDE1EA1E6CFE750030D1AC = {
						CreatedOnToolsVersion = 8.0;
						DevelopmentTeam = C56Y225XTT;
						ProvisioningStyle = Automatic;
					};
					87E9A5A21EC40AE200A86B83 = {
						CreatedOnToolsVersion = 8.3.2;
						DevelopmentTeam = C56Y225XTT;
						LastSwiftMigration = 0830;
						ProvisioningStyle = Automatic;
					};
					87E9A5AA1EC40AE200A86B83 = {
						CreatedOnToolsVersion = 8.3.2;
						DevelopmentTeam = C56Y225XTT;
						ProvisioningStyle = Automatic;
						TestTargetID = 87CDE1EA1E6CFE750030D1AC;
					};
				};
			};
			buildConfigurationList = 87CDE1E61E6CFE750030D1AC /* Build configuration list for PBXProject "ios-study" */;
			compatibilityVersion = "Xcode 3.2";
			developmentRegion = English;
			hasScannedForEncodings = 0;
			knownRegions = (
				en,
				Base,
			);
			mainGroup = 87CDE1E21E6CFE750030D1AC;
			productRefGroup = 87CDE1EC1E6CFE750030D1AC /* Products */;
			projectDirPath = "";
			projectRoot = "";
			targets = (
				87CDE1EA1E6CFE750030D1AC /* ios-study */,
				87E9A5A21EC40AE200A86B83 /* RxSwift */,
				87E9A5AA1EC40AE200A86B83 /* RxSwiftTests */,
			);
		};
/* End PBXProject section */

/* Begin PBXResourcesBuildPhase section */
		87CDE1E91E6CFE750030D1AC /* Resources */ = {
			isa = PBXResourcesBuildPhase;
			buildActionMask = 2147483647;
			files = (
				87CDE1F91E6CFE750030D1AC /* LaunchScreen.storyboard in Resources */,
				87CDE1F61E6CFE750030D1AC /* Assets.xcassets in Resources */,
				87CA299C1EC0127F00F03E7B /* GPUImage2 in Resources */,
				87CDE1F41E6CFE750030D1AC /* Main.storyboard in Resources */,
			);
			runOnlyForDeploymentPostprocessing = 0;
		};
		87E9A5A11EC40AE200A86B83 /* Resources */ = {
			isa = PBXResourcesBuildPhase;
			buildActionMask = 2147483647;
			files = (
			);
			runOnlyForDeploymentPostprocessing = 0;
		};
		87E9A5A91EC40AE200A86B83 /* Resources */ = {
			isa = PBXResourcesBuildPhase;
			buildActionMask = 2147483647;
			files = (
			);
			runOnlyForDeploymentPostprocessing = 0;
		};
/* End PBXResourcesBuildPhase section */

/* Begin PBXShellScriptBuildPhase section */
		65318EF15F9AB5CDDBD1E3AD /* [CP] Copy Pods Resources */ = {
			isa = PBXShellScriptBuildPhase;
			buildActionMask = 2147483647;
			files = (
			);
			inputPaths = (
			);
			name = "[CP] Copy Pods Resources";
			outputPaths = (
			);
			runOnlyForDeploymentPostprocessing = 0;
			shellPath = /bin/sh;
			shellScript = "\"${SRCROOT}/Pods/Target Support Files/Pods-ios-study/Pods-ios-study-resources.sh\"\n";
			showEnvVarsInLog = 0;
		};
		66DD29127CFFC58B37949830 /* [CP] Check Pods Manifest.lock */ = {
			isa = PBXShellScriptBuildPhase;
			buildActionMask = 2147483647;
			files = (
			);
			inputPaths = (
			);
			name = "[CP] Check Pods Manifest.lock";
			outputPaths = (
			);
			runOnlyForDeploymentPostprocessing = 0;
			shellPath = /bin/sh;
			shellScript = "diff \"${PODS_ROOT}/../Podfile.lock\" \"${PODS_ROOT}/Manifest.lock\" > /dev/null\nif [ $? != 0 ] ; then\n    # print error to STDERR\n    echo \"error: The sandbox is not in sync with the Podfile.lock. Run 'pod install' or update your CocoaPods installation.\" >&2\n    exit 1\nfi\n";
			showEnvVarsInLog = 0;
		};
		CF80FFA124D840D54E8B0C8D /* [CP] Embed Pods Frameworks */ = {
			isa = PBXShellScriptBuildPhase;
			buildActionMask = 2147483647;
			files = (
			);
			inputPaths = (
			);
			name = "[CP] Embed Pods Frameworks";
			outputPaths = (
			);
			runOnlyForDeploymentPostprocessing = 0;
			shellPath = /bin/sh;
			shellScript = "\"${SRCROOT}/Pods/Target Support Files/Pods-ios-study/Pods-ios-study-frameworks.sh\"\n";
			showEnvVarsInLog = 0;
		};
/* End PBXShellScriptBuildPhase section */

/* Begin PBXSourcesBuildPhase section */
		87CDE1E71E6CFE750030D1AC /* Sources */ = {
			isa = PBXSourcesBuildPhase;
			buildActionMask = 2147483647;
			files = (
				87CDE1F11E6CFE750030D1AC /* ViewController.swift in Sources */,
				87CDE1EF1E6CFE750030D1AC /* AppDelegate.swift in Sources */,
			);
			runOnlyForDeploymentPostprocessing = 0;
		};
		87E9A59E1EC40AE200A86B83 /* Sources */ = {
			isa = PBXSourcesBuildPhase;
			buildActionMask = 2147483647;
			files = (
				87E9A6191EC40BA600A86B83 /* Scan.swift in Sources */,
				87E9A5F81EC40BA600A86B83 /* Bag.swift in Sources */,
				87E9A6201EC40BA600A86B83 /* Sink.swift in Sources */,
				87E9A60B1EC40BA600A86B83 /* Observable+Creation.swift in Sources */,
				87E9A6051EC40BA600A86B83 /* ImmediateSchedulerType.swift in Sources */,
				87E9A5FF1EC40BA600A86B83 /* CurrentThreadScheduler.swift in Sources */,
				87E9A5F71EC40BA600A86B83 /* AnyObserver.swift in Sources */,
				87E9A5F91EC40BA600A86B83 /* Bag+Rx.swift in Sources */,
				87E9A6021EC40BA600A86B83 /* Disposables.swift in Sources */,
				87E9A6071EC40BA600A86B83 /* Lock.swift in Sources */,
				87E9A60E1EC40BA600A86B83 /* ObservableType+Extensions.swift in Sources */,
				87E9A5FA1EC40BA600A86B83 /* BinaryDisposable.swift in Sources */,
				87E9A6011EC40BA600A86B83 /* Disposable.swift in Sources */,
				87E9A61F1EC40BA600A86B83 /* SingleAssignmentDisposable.swift in Sources */,
				87E9A6081EC40BA600A86B83 /* LockOwnerType.swift in Sources */,
				87E9A5FC1EC40BA600A86B83 /* CombineLatest.swift in Sources */,
				87E9A6211EC40BA600A86B83 /* SynchronizedOnType.swift in Sources */,
				87E9A6231EC40BA600A86B83 /* Zip+arity.swift in Sources */,
				87E9A6151EC40BA600A86B83 /* RecursiveLock.swift in Sources */,
				87E9A6131EC40BA600A86B83 /* Producer.swift in Sources */,
				87E9A6121EC40BA600A86B83 /* Platform.Darwin.swift in Sources */,
				87E9A6041EC40BA600A86B83 /* Event.swift in Sources */,
				87E9A6101EC40BA600A86B83 /* ObserverBase.swift in Sources */,
				87E9A61C1EC40BA600A86B83 /* SchedulerType.swift in Sources */,
				87E9A6001EC40BA600A86B83 /* DispatchQueueConfiguration.swift in Sources */,
				87E9A6161EC40BA600A86B83 /* RecursiveScheduler.swift in Sources */,
				87E9A60C1EC40BA600A86B83 /* ObservableConvertibleType.swift in Sources */,
				87E9A6091EC40BA600A86B83 /* NopDisposable.swift in Sources */,
				87E9A5F51EC40BA600A86B83 /* AnonymousObservable.swift in Sources */,
				87E9A5FD1EC40BA600A86B83 /* CombineLatest+arity.swift in Sources */,
				87E9A5FE1EC40BA600A86B83 /* CompositeDisposable.swift in Sources */,
				87E9A6221EC40BA600A86B83 /* Zip.swift in Sources */,
				87E9A6111EC40BA600A86B83 /* ObserverType.swift in Sources */,
				87E9A5FB1EC40BA600A86B83 /* Cancelable.swift in Sources */,
				87E9A6141EC40BA600A86B83 /* Queue.swift in Sources */,
				87E9A5F41EC40BA600A86B83 /* AnonymousDisposable.swift in Sources */,
				87E9A61E1EC40BA600A86B83 /* SerialDisposable.swift in Sources */,
				87E9A6171EC40BA600A86B83 /* Rx.swift in Sources */,
				87E9A6031EC40BA600A86B83 /* DisposeBase.swift in Sources */,
				87E9A60D1EC40BA600A86B83 /* ObservableType.swift in Sources */,
				87E9A6291EC41AC300A86B83 /* Merge.swift in Sources */,
				87E9A5F61EC40BA600A86B83 /* AnonymousObserver.swift in Sources */,
				87E9A61D1EC40BA600A86B83 /* SerialDispatchQueueScheduler.swift in Sources */,
				87E9A60F1EC40BA600A86B83 /* ObserveOn.swift in Sources */,
				87E9A6181EC40BA600A86B83 /* RxMutableBox.swift in Sources */,
				87E9A6271EC414C000A86B83 /* Sequence.swift in Sources */,
				87E9A61B1EC40BA600A86B83 /* ScheduledItemType.swift in Sources */,
				87E9A6061EC40BA600A86B83 /* InvocableType.swift in Sources */,
				87E9A61A1EC40BA600A86B83 /* ScheduledItem.swift in Sources */,
				87E9A60A1EC40BA600A86B83 /* Observable.swift in Sources */,
			);
			runOnlyForDeploymentPostprocessing = 0;
		};
		87E9A5A71EC40AE200A86B83 /* Sources */ = {
			isa = PBXSourcesBuildPhase;
			buildActionMask = 2147483647;
			files = (
				87E9A5C11EC40B1F00A86B83 /* CurrentThreadSchedulerTest.swift in Sources */,
				87E9A6251EC4144F00A86B83 /* Observable+MergeTest.swift in Sources */,
				87E9A5C31EC40B3300A86B83 /* RxTest.swift in Sources */,
				87E9A5B31EC40AE200A86B83 /* RxSwiftTests.swift in Sources */,
			);
			runOnlyForDeploymentPostprocessing = 0;
		};
/* End PBXSourcesBuildPhase section */

/* Begin PBXTargetDependency section */
		87E9A5AE1EC40AE200A86B83 /* PBXTargetDependency */ = {
			isa = PBXTargetDependency;
			target = 87E9A5A21EC40AE200A86B83 /* RxSwift */;
			targetProxy = 87E9A5AD1EC40AE200A86B83 /* PBXContainerItemProxy */;
		};
		87E9A5B01EC40AE200A86B83 /* PBXTargetDependency */ = {
			isa = PBXTargetDependency;
			target = 87CDE1EA1E6CFE750030D1AC /* ios-study */;
			targetProxy = 87E9A5AF1EC40AE200A86B83 /* PBXContainerItemProxy */;
		};
		87E9A5B71EC40AE200A86B83 /* PBXTargetDependency */ = {
			isa = PBXTargetDependency;
			target = 87E9A5A21EC40AE200A86B83 /* RxSwift */;
			targetProxy = 87E9A5B61EC40AE200A86B83 /* PBXContainerItemProxy */;
		};
/* End PBXTargetDependency section */

/* Begin PBXVariantGroup section */
		87CDE1F21E6CFE750030D1AC /* Main.storyboard */ = {
			isa = PBXVariantGroup;
			children = (
				87CDE1F31E6CFE750030D1AC /* Base */,
			);
			name = Main.storyboard;
			sourceTree = "<group>";
		};
		87CDE1F71E6CFE750030D1AC /* LaunchScreen.storyboard */ = {
			isa = PBXVariantGroup;
			children = (
				87CDE1F81E6CFE750030D1AC /* Base */,
			);
			name = LaunchScreen.storyboard;
			sourceTree = "<group>";
		};
/* End PBXVariantGroup section */

/* Begin XCBuildConfiguration section */
		87CDE1FB1E6CFE750030D1AC /* Debug */ = {
			isa = XCBuildConfiguration;
			buildSettings = {
				ALWAYS_SEARCH_USER_PATHS = NO;
				CLANG_ANALYZER_NONNULL = YES;
				CLANG_CXX_LANGUAGE_STANDARD = "gnu++0x";
				CLANG_CXX_LIBRARY = "libc++";
				CLANG_ENABLE_MODULES = YES;
				CLANG_ENABLE_OBJC_ARC = YES;
				CLANG_WARN_BOOL_CONVERSION = YES;
				CLANG_WARN_CONSTANT_CONVERSION = YES;
				CLANG_WARN_DIRECT_OBJC_ISA_USAGE = YES_ERROR;
				CLANG_WARN_DOCUMENTATION_COMMENTS = YES;
				CLANG_WARN_EMPTY_BODY = YES;
				CLANG_WARN_ENUM_CONVERSION = YES;
				CLANG_WARN_INFINITE_RECURSION = YES;
				CLANG_WARN_INT_CONVERSION = YES;
				CLANG_WARN_OBJC_ROOT_CLASS = YES_ERROR;
				CLANG_WARN_SUSPICIOUS_MOVE = YES;
				CLANG_WARN_SUSPICIOUS_MOVES = YES;
				CLANG_WARN_UNREACHABLE_CODE = YES;
				CLANG_WARN__DUPLICATE_METHOD_MATCH = YES;
				"CODE_SIGN_IDENTITY[sdk=iphoneos*]" = "iPhone Developer";
				COPY_PHASE_STRIP = NO;
				DEBUG_INFORMATION_FORMAT = dwarf;
				ENABLE_STRICT_OBJC_MSGSEND = YES;
				ENABLE_TESTABILITY = YES;
				GCC_C_LANGUAGE_STANDARD = gnu99;
				GCC_DYNAMIC_NO_PIC = NO;
				GCC_NO_COMMON_BLOCKS = YES;
				GCC_OPTIMIZATION_LEVEL = 0;
				GCC_PREPROCESSOR_DEFINITIONS = (
					"DEBUG=1",
					"$(inherited)",
				);
				GCC_WARN_64_TO_32_BIT_CONVERSION = YES;
				GCC_WARN_ABOUT_RETURN_TYPE = YES_ERROR;
				GCC_WARN_UNDECLARED_SELECTOR = YES;
				GCC_WARN_UNINITIALIZED_AUTOS = YES_AGGRESSIVE;
				GCC_WARN_UNUSED_FUNCTION = YES;
				GCC_WARN_UNUSED_VARIABLE = YES;
				IPHONEOS_DEPLOYMENT_TARGET = 8.0;
				MTL_ENABLE_DEBUG_INFO = YES;
				ONLY_ACTIVE_ARCH = YES;
				SDKROOT = iphoneos;
				SWIFT_ACTIVE_COMPILATION_CONDITIONS = DEBUG;
				SWIFT_OPTIMIZATION_LEVEL = "-Onone";
				TARGETED_DEVICE_FAMILY = "1,2";
			};
			name = Debug;
		};
		87CDE1FC1E6CFE750030D1AC /* Release */ = {
			isa = XCBuildConfiguration;
			buildSettings = {
				ALWAYS_SEARCH_USER_PATHS = NO;
				CLANG_ANALYZER_NONNULL = YES;
				CLANG_CXX_LANGUAGE_STANDARD = "gnu++0x";
				CLANG_CXX_LIBRARY = "libc++";
				CLANG_ENABLE_MODULES = YES;
				CLANG_ENABLE_OBJC_ARC = YES;
				CLANG_WARN_BOOL_CONVERSION = YES;
				CLANG_WARN_CONSTANT_CONVERSION = YES;
				CLANG_WARN_DIRECT_OBJC_ISA_USAGE = YES_ERROR;
				CLANG_WARN_DOCUMENTATION_COMMENTS = YES;
				CLANG_WARN_EMPTY_BODY = YES;
				CLANG_WARN_ENUM_CONVERSION = YES;
				CLANG_WARN_INFINITE_RECURSION = YES;
				CLANG_WARN_INT_CONVERSION = YES;
				CLANG_WARN_OBJC_ROOT_CLASS = YES_ERROR;
				CLANG_WARN_SUSPICIOUS_MOVE = YES;
				CLANG_WARN_SUSPICIOUS_MOVES = YES;
				CLANG_WARN_UNREACHABLE_CODE = YES;
				CLANG_WARN__DUPLICATE_METHOD_MATCH = YES;
				"CODE_SIGN_IDENTITY[sdk=iphoneos*]" = "iPhone Developer";
				COPY_PHASE_STRIP = NO;
				DEBUG_INFORMATION_FORMAT = "dwarf-with-dsym";
				ENABLE_NS_ASSERTIONS = NO;
				ENABLE_STRICT_OBJC_MSGSEND = YES;
				GCC_C_LANGUAGE_STANDARD = gnu99;
				GCC_NO_COMMON_BLOCKS = YES;
				GCC_WARN_64_TO_32_BIT_CONVERSION = YES;
				GCC_WARN_ABOUT_RETURN_TYPE = YES_ERROR;
				GCC_WARN_UNDECLARED_SELECTOR = YES;
				GCC_WARN_UNINITIALIZED_AUTOS = YES_AGGRESSIVE;
				GCC_WARN_UNUSED_FUNCTION = YES;
				GCC_WARN_UNUSED_VARIABLE = YES;
				IPHONEOS_DEPLOYMENT_TARGET = 8.0;
				MTL_ENABLE_DEBUG_INFO = NO;
				SDKROOT = iphoneos;
				SWIFT_OPTIMIZATION_LEVEL = "-Owholemodule";
				TARGETED_DEVICE_FAMILY = "1,2";
				VALIDATE_PRODUCT = YES;
			};
			name = Release;
		};
		87CDE1FE1E6CFE750030D1AC /* Debug */ = {
			isa = XCBuildConfiguration;
			baseConfigurationReference = DE5DF0ED4ABE33573C2C07DC /* Pods-ios-study.debug.xcconfig */;
			buildSettings = {
				ALWAYS_EMBED_SWIFT_STANDARD_LIBRARIES = YES;
				ASSETCATALOG_COMPILER_APPICON_NAME = AppIcon;
				DEVELOPMENT_TEAM = C56Y225XTT;
				INFOPLIST_FILE = "ios-study/Info.plist";
				LD_RUNPATH_SEARCH_PATHS = "$(inherited) @executable_path/Frameworks";
				PRODUCT_BUNDLE_IDENTIFIER = "com.twentyhours.ios-study";
				PRODUCT_NAME = "$(TARGET_NAME)";
				SWIFT_VERSION = 3.0;
			};
			name = Debug;
		};
		87CDE1FF1E6CFE750030D1AC /* Release */ = {
			isa = XCBuildConfiguration;
			baseConfigurationReference = DFA139F3B960595CF49FF03B /* Pods-ios-study.release.xcconfig */;
			buildSettings = {
				ALWAYS_EMBED_SWIFT_STANDARD_LIBRARIES = YES;
				ASSETCATALOG_COMPILER_APPICON_NAME = AppIcon;
				DEVELOPMENT_TEAM = C56Y225XTT;
				INFOPLIST_FILE = "ios-study/Info.plist";
				LD_RUNPATH_SEARCH_PATHS = "$(inherited) @executable_path/Frameworks";
				PRODUCT_BUNDLE_IDENTIFIER = "com.twentyhours.ios-study";
				PRODUCT_NAME = "$(TARGET_NAME)";
				SWIFT_VERSION = 3.0;
			};
			name = Release;
		};
		87E9A5BB1EC40AE200A86B83 /* Debug */ = {
			isa = XCBuildConfiguration;
			buildSettings = {
				CLANG_ANALYZER_NUMBER_OBJECT_CONVERSION = YES_AGGRESSIVE;
				CLANG_ENABLE_MODULES = YES;
				CODE_SIGN_IDENTITY = "";
				CURRENT_PROJECT_VERSION = 1;
				DEFINES_MODULE = YES;
				DEVELOPMENT_TEAM = C56Y225XTT;
				DYLIB_COMPATIBILITY_VERSION = 1;
				DYLIB_CURRENT_VERSION = 1;
				DYLIB_INSTALL_NAME_BASE = "@rpath";
				INFOPLIST_FILE = RxSwift/Info.plist;
				INSTALL_PATH = "$(LOCAL_LIBRARY_DIR)/Frameworks";
				IPHONEOS_DEPLOYMENT_TARGET = 8.0;
				LD_RUNPATH_SEARCH_PATHS = "$(inherited) @executable_path/Frameworks @loader_path/Frameworks";
				PRODUCT_BUNDLE_IDENTIFIER = com.twentyhours.podocpodoc.dev.RxSwift;
				PRODUCT_NAME = "$(TARGET_NAME)";
				SKIP_INSTALL = YES;
				SWIFT_OPTIMIZATION_LEVEL = "-Onone";
				SWIFT_VERSION = 3.0;
				VERSIONING_SYSTEM = "apple-generic";
				VERSION_INFO_PREFIX = "";
			};
			name = Debug;
		};
		87E9A5BC1EC40AE200A86B83 /* Release */ = {
			isa = XCBuildConfiguration;
			buildSettings = {
				CLANG_ANALYZER_NUMBER_OBJECT_CONVERSION = YES_AGGRESSIVE;
				CLANG_ENABLE_MODULES = YES;
				CODE_SIGN_IDENTITY = "";
				CURRENT_PROJECT_VERSION = 1;
				DEFINES_MODULE = YES;
				DEVELOPMENT_TEAM = C56Y225XTT;
				DYLIB_COMPATIBILITY_VERSION = 1;
				DYLIB_CURRENT_VERSION = 1;
				DYLIB_INSTALL_NAME_BASE = "@rpath";
				INFOPLIST_FILE = RxSwift/Info.plist;
				INSTALL_PATH = "$(LOCAL_LIBRARY_DIR)/Frameworks";
				IPHONEOS_DEPLOYMENT_TARGET = 8.0;
				LD_RUNPATH_SEARCH_PATHS = "$(inherited) @executable_path/Frameworks @loader_path/Frameworks";
				PRODUCT_BUNDLE_IDENTIFIER = com.twentyhours.podocpodoc.dev.RxSwift;
				PRODUCT_NAME = "$(TARGET_NAME)";
				SKIP_INSTALL = YES;
				SWIFT_VERSION = 3.0;
				VERSIONING_SYSTEM = "apple-generic";
				VERSION_INFO_PREFIX = "";
			};
			name = Release;
		};
		87E9A5BE1EC40AE200A86B83 /* Debug */ = {
			isa = XCBuildConfiguration;
			buildSettings = {
				ALWAYS_EMBED_SWIFT_STANDARD_LIBRARIES = YES;
				CLANG_ANALYZER_NUMBER_OBJECT_CONVERSION = YES_AGGRESSIVE;
				DEVELOPMENT_TEAM = C56Y225XTT;
				INFOPLIST_FILE = RxSwiftTests/Info.plist;
				IPHONEOS_DEPLOYMENT_TARGET = 10.3;
				LD_RUNPATH_SEARCH_PATHS = "$(inherited) @executable_path/Frameworks @loader_path/Frameworks";
				PRODUCT_BUNDLE_IDENTIFIER = com.twentyhours.podocpodoc.dev.RxSwiftTests;
				PRODUCT_NAME = "$(TARGET_NAME)";
				SWIFT_VERSION = 3.0;
				TEST_HOST = "$(BUILT_PRODUCTS_DIR)/ios-study.app/ios-study";
			};
			name = Debug;
		};
		87E9A5BF1EC40AE200A86B83 /* Release */ = {
			isa = XCBuildConfiguration;
			buildSettings = {
				ALWAYS_EMBED_SWIFT_STANDARD_LIBRARIES = YES;
				CLANG_ANALYZER_NUMBER_OBJECT_CONVERSION = YES_AGGRESSIVE;
				DEVELOPMENT_TEAM = C56Y225XTT;
				INFOPLIST_FILE = RxSwiftTests/Info.plist;
				IPHONEOS_DEPLOYMENT_TARGET = 10.3;
				LD_RUNPATH_SEARCH_PATHS = "$(inherited) @executable_path/Frameworks @loader_path/Frameworks";
				PRODUCT_BUNDLE_IDENTIFIER = com.twentyhours.podocpodoc.dev.RxSwiftTests;
				PRODUCT_NAME = "$(TARGET_NAME)";
				SWIFT_VERSION = 3.0;
				TEST_HOST = "$(BUILT_PRODUCTS_DIR)/ios-study.app/ios-study";
			};
			name = Release;
		};
/* End XCBuildConfiguration section */

/* Begin XCConfigurationList section */
		87CDE1E61E6CFE750030D1AC /* Build configuration list for PBXProject "ios-study" */ = {
			isa = XCConfigurationList;
			buildConfigurations = (
				87CDE1FB1E6CFE750030D1AC /* Debug */,
				87CDE1FC1E6CFE750030D1AC /* Release */,
			);
			defaultConfigurationIsVisible = 0;
			defaultConfigurationName = Debug;
		};
		87CDE1FD1E6CFE750030D1AC /* Build configuration list for PBXNativeTarget "ios-study" */ = {
			isa = XCConfigurationList;
			buildConfigurations = (
				87CDE1FE1E6CFE750030D1AC /* Debug */,
				87CDE1FF1E6CFE750030D1AC /* Release */,
			);
			defaultConfigurationIsVisible = 0;
			defaultConfigurationName = Debug;
		};
		87E9A5BA1EC40AE200A86B83 /* Build configuration list for PBXNativeTarget "RxSwift" */ = {
			isa = XCConfigurationList;
			buildConfigurations = (
				87E9A5BB1EC40AE200A86B83 /* Debug */,
				87E9A5BC1EC40AE200A86B83 /* Release */,
			);
			defaultConfigurationIsVisible = 0;
			defaultConfigurationName = Debug;
		};
		87E9A5BD1EC40AE200A86B83 /* Build configuration list for PBXNativeTarget "RxSwiftTests" */ = {
			isa = XCConfigurationList;
			buildConfigurations = (
				87E9A5BE1EC40AE200A86B83 /* Debug */,
				87E9A5BF1EC40AE200A86B83 /* Release */,
			);
			defaultConfigurationIsVisible = 0;
			defaultConfigurationName = Debug;
		};
/* End XCConfigurationList section */
	};
	rootObject = 87CDE1E31E6CFE750030D1AC /* Project object */;
}
