// !$*UTF8*$!
{
	archiveVersion = 1;
	classes = {
	};
	objectVersion = 46;
	objects = {

/* Begin PBXBuildFile section */
		8700A45D1E8E251F006C364A /* Pipeline.swift in Sources */ = {isa = PBXBuildFile; fileRef = 8700A45C1E8E251F006C364A /* Pipeline.swift */; };
		8713A3801E6E819600646A6C /* RenderView.swift in Sources */ = {isa = PBXBuildFile; fileRef = 8713A37F1E6E819600646A6C /* RenderView.swift */; };
		8713A3831E6E8A9100646A6C /* Camera.swift in Sources */ = {isa = PBXBuildFile; fileRef = 8713A3821E6E8A9100646A6C /* Camera.swift */; };
		8713A3871E6E937C00646A6C /* ImageOrientation.swift in Sources */ = {isa = PBXBuildFile; fileRef = 8713A3861E6E937C00646A6C /* ImageOrientation.swift */; };
		8713A3891E6EA70D00646A6C /* ShaderProgram.swift in Sources */ = {isa = PBXBuildFile; fileRef = 8713A3881E6EA70D00646A6C /* ShaderProgram.swift */; };
		871DF5F81EB046320044D6A4 /* CurrentThreadScheduler.swift in Sources */ = {isa = PBXBuildFile; fileRef = 871DF5F71EB046320044D6A4 /* CurrentThreadScheduler.swift */; };
		871DF5FA1EB08B0E0044D6A4 /* Platform.Darwin.swift in Sources */ = {isa = PBXBuildFile; fileRef = 871DF5F91EB08B0E0044D6A4 /* Platform.Darwin.swift */; };
		871DF5FC1EB08C1F0044D6A4 /* ImmediateSchedulerType.swift in Sources */ = {isa = PBXBuildFile; fileRef = 871DF5FB1EB08C1F0044D6A4 /* ImmediateSchedulerType.swift */; };
		871DF5FE1EB08C7B0044D6A4 /* RxMutableBox.swift in Sources */ = {isa = PBXBuildFile; fileRef = 871DF5FD1EB08C7B0044D6A4 /* RxMutableBox.swift */; };
		871DF6001EB08D870044D6A4 /* Queue.swift in Sources */ = {isa = PBXBuildFile; fileRef = 871DF5FF1EB08D870044D6A4 /* Queue.swift */; };
		871DF6021EB08DEB0044D6A4 /* ScheduledItem.swift in Sources */ = {isa = PBXBuildFile; fileRef = 871DF6011EB08DEB0044D6A4 /* ScheduledItem.swift */; };
		871DF6041EB08E100044D6A4 /* ScheduledItemType.swift in Sources */ = {isa = PBXBuildFile; fileRef = 871DF6031EB08E100044D6A4 /* ScheduledItemType.swift */; };
		871DF6061EB091310044D6A4 /* Cancelable.swift in Sources */ = {isa = PBXBuildFile; fileRef = 871DF6051EB091310044D6A4 /* Cancelable.swift */; };
		871DF6081EB0915B0044D6A4 /* InvocableType.swift in Sources */ = {isa = PBXBuildFile; fileRef = 871DF6071EB0915B0044D6A4 /* InvocableType.swift */; };
		873BB8E11E83B5BD00E1547E /* Size.swift in Sources */ = {isa = PBXBuildFile; fileRef = 873BB8E01E83B5BD00E1547E /* Size.swift */; };
		873BB8E31E83B89E00E1547E /* FramebufferCache.swift in Sources */ = {isa = PBXBuildFile; fileRef = 873BB8E21E83B89E00E1547E /* FramebufferCache.swift */; };
		873BB8E51E83C38300E1547E /* Timestamp.swift in Sources */ = {isa = PBXBuildFile; fileRef = 873BB8E41E83C38300E1547E /* Timestamp.swift */; };
		873BB8E71E83C5F500E1547E /* Matrix.swift in Sources */ = {isa = PBXBuildFile; fileRef = 873BB8E61E83C5F500E1547E /* Matrix.swift */; };
		873BB8E91E83C64C00E1547E /* CameraConversion.swift in Sources */ = {isa = PBXBuildFile; fileRef = 873BB8E81E83C64C00E1547E /* CameraConversion.swift */; };
		873BB8EB1E83C92500E1547E /* Color.swift in Sources */ = {isa = PBXBuildFile; fileRef = 873BB8EA1E83C92500E1547E /* Color.swift */; };
		873BB8ED1E83C98800E1547E /* ShaderUniformSettings.swift in Sources */ = {isa = PBXBuildFile; fileRef = 873BB8EC1E83C98800E1547E /* ShaderUniformSettings.swift */; };
		873BB8EF1E83C9C700E1547E /* Position.swift in Sources */ = {isa = PBXBuildFile; fileRef = 873BB8EE1E83C9C700E1547E /* Position.swift */; };
		876ABF2C1EA71702000E0856 /* Observable+Creation.swift in Sources */ = {isa = PBXBuildFile; fileRef = 876ABF2B1EA71702000E0856 /* Observable+Creation.swift */; };
		876ABF2E1EA71749000E0856 /* Observable.swift in Sources */ = {isa = PBXBuildFile; fileRef = 876ABF2D1EA71749000E0856 /* Observable.swift */; };
		876ABF321EA73A54000E0856 /* Event.swift in Sources */ = {isa = PBXBuildFile; fileRef = 876ABF311EA73A54000E0856 /* Event.swift */; };
		876ABF341EA73AA0000E0856 /* ObservableType.swift in Sources */ = {isa = PBXBuildFile; fileRef = 876ABF331EA73AA0000E0856 /* ObservableType.swift */; };
		876ABF361EA73DF3000E0856 /* ObservableConvertibleType.swift in Sources */ = {isa = PBXBuildFile; fileRef = 876ABF351EA73DF3000E0856 /* ObservableConvertibleType.swift */; };
		876ABF381EA73EC2000E0856 /* ObserverType.swift in Sources */ = {isa = PBXBuildFile; fileRef = 876ABF371EA73EC2000E0856 /* ObserverType.swift */; };
		876ABF3A1EA73F26000E0856 /* Disposable.swift in Sources */ = {isa = PBXBuildFile; fileRef = 876ABF391EA73F26000E0856 /* Disposable.swift */; };
		876ABF3C1EA74396000E0856 /* Rx.swift in Sources */ = {isa = PBXBuildFile; fileRef = 876ABF3B1EA74396000E0856 /* Rx.swift */; };
		876ABF3E1EA7766E000E0856 /* AnonymousObservable.swift in Sources */ = {isa = PBXBuildFile; fileRef = 876ABF3D1EA7766E000E0856 /* AnonymousObservable.swift */; };
		876ABF401EA7769A000E0856 /* Producer.swift in Sources */ = {isa = PBXBuildFile; fileRef = 876ABF3F1EA7769A000E0856 /* Producer.swift */; };
		876ABF421EA7770C000E0856 /* AnyObserver.swift in Sources */ = {isa = PBXBuildFile; fileRef = 876ABF411EA7770C000E0856 /* AnyObserver.swift */; };
		87BD1A4C1EB18DD5001FB3B3 /* Sink.swift in Sources */ = {isa = PBXBuildFile; fileRef = 87BD1A4B1EB18DD5001FB3B3 /* Sink.swift */; };
		87BD1A4E1EB19B51001FB3B3 /* ObservableType+Extensions.swift in Sources */ = {isa = PBXBuildFile; fileRef = 87BD1A4D1EB19B51001FB3B3 /* ObservableType+Extensions.swift */; };
		87BD1A501EB19DF4001FB3B3 /* Disposables.swift in Sources */ = {isa = PBXBuildFile; fileRef = 87BD1A4F1EB19DF4001FB3B3 /* Disposables.swift */; };
		87BD1A521EB19E2B001FB3B3 /* AnonymousDisposable.swift in Sources */ = {isa = PBXBuildFile; fileRef = 87BD1A511EB19E2B001FB3B3 /* AnonymousDisposable.swift */; };
		87BD1A541EB19E79001FB3B3 /* AnonymousObserver.swift in Sources */ = {isa = PBXBuildFile; fileRef = 87BD1A531EB19E79001FB3B3 /* AnonymousObserver.swift */; };
		87BD1A561EB1A28B001FB3B3 /* ObserverBase.swift in Sources */ = {isa = PBXBuildFile; fileRef = 87BD1A551EB1A28B001FB3B3 /* ObserverBase.swift */; };
		87BD1A581EB1A3B8001FB3B3 /* NopDisposable.swift in Sources */ = {isa = PBXBuildFile; fileRef = 87BD1A571EB1A3B8001FB3B3 /* NopDisposable.swift */; };
		87BD1A5A1EB1B5DE001FB3B3 /* DisposeBase.swift in Sources */ = {isa = PBXBuildFile; fileRef = 87BD1A591EB1B5DE001FB3B3 /* DisposeBase.swift */; };
		87BD1A5C1EB1B652001FB3B3 /* BinaryDisposable.swift in Sources */ = {isa = PBXBuildFile; fileRef = 87BD1A5B1EB1B652001FB3B3 /* BinaryDisposable.swift */; };
		87BD1A5E1EB1BE35001FB3B3 /* SingleAssignmentDisposable.swift in Sources */ = {isa = PBXBuildFile; fileRef = 87BD1A5D1EB1BE35001FB3B3 /* SingleAssignmentDisposable.swift */; };
		87BD1A651EB2F713001FB3B3 /* CombineLatest+arity.swift in Sources */ = {isa = PBXBuildFile; fileRef = 87BD1A641EB2F713001FB3B3 /* CombineLatest+arity.swift */; };
		87BD1A671EB2FBA3001FB3B3 /* CombineLatest.swift in Sources */ = {isa = PBXBuildFile; fileRef = 87BD1A661EB2FBA3001FB3B3 /* CombineLatest.swift */; };
		87BD1A691EB30EEA001FB3B3 /* SynchronizedOnType.swift in Sources */ = {isa = PBXBuildFile; fileRef = 87BD1A681EB30EEA001FB3B3 /* SynchronizedOnType.swift */; };
		87BD1A6B1EB30F21001FB3B3 /* Lock.swift in Sources */ = {isa = PBXBuildFile; fileRef = 87BD1A6A1EB30F21001FB3B3 /* Lock.swift */; };
		87BD1A6D1EB312EC001FB3B3 /* RecursiveLock.swift in Sources */ = {isa = PBXBuildFile; fileRef = 87BD1A6C1EB312EC001FB3B3 /* RecursiveLock.swift */; };
		87BD1A6F1EB313A5001FB3B3 /* LockOwnerType.swift in Sources */ = {isa = PBXBuildFile; fileRef = 87BD1A6E1EB313A5001FB3B3 /* LockOwnerType.swift */; };
		87BD1A711EB3150E001FB3B3 /* CompositeDisposable.swift in Sources */ = {isa = PBXBuildFile; fileRef = 87BD1A701EB3150E001FB3B3 /* CompositeDisposable.swift */; };
		87BD1A751EB3196B001FB3B3 /* Bag.swift in Sources */ = {isa = PBXBuildFile; fileRef = 87BD1A741EB3196B001FB3B3 /* Bag.swift */; };
		87BD1A771EB31A16001FB3B3 /* Bag+Rx.swift in Sources */ = {isa = PBXBuildFile; fileRef = 87BD1A761EB31A16001FB3B3 /* Bag+Rx.swift */; };
		87BD1A7A1EB8220D001FB3B3 /* ObserveOn.swift in Sources */ = {isa = PBXBuildFile; fileRef = 87BD1A791EB8220D001FB3B3 /* ObserveOn.swift */; };
		87BD1A7C1EB822D7001FB3B3 /* SerialDispatchQueueScheduler.swift in Sources */ = {isa = PBXBuildFile; fileRef = 87BD1A7B1EB822D7001FB3B3 /* SerialDispatchQueueScheduler.swift */; };
		87BD1A7E1EB8234B001FB3B3 /* SchedulerType.swift in Sources */ = {isa = PBXBuildFile; fileRef = 87BD1A7D1EB8234B001FB3B3 /* SchedulerType.swift */; };
		87BD1A801EB824AD001FB3B3 /* DispatchQueueConfiguration.swift in Sources */ = {isa = PBXBuildFile; fileRef = 87BD1A7F1EB824AD001FB3B3 /* DispatchQueueConfiguration.swift */; };
		87BD1A821EB83888001FB3B3 /* RecursiveScheduler.swift in Sources */ = {isa = PBXBuildFile; fileRef = 87BD1A811EB83888001FB3B3 /* RecursiveScheduler.swift */; };
		87BD1A841EB83AC9001FB3B3 /* SerialDisposable.swift in Sources */ = {isa = PBXBuildFile; fileRef = 87BD1A831EB83AC9001FB3B3 /* SerialDisposable.swift */; };
		87CDE1EF1E6CFE750030D1AC /* AppDelegate.swift in Sources */ = {isa = PBXBuildFile; fileRef = 87CDE1EE1E6CFE750030D1AC /* AppDelegate.swift */; };
		87CDE1F11E6CFE750030D1AC /* ViewController.swift in Sources */ = {isa = PBXBuildFile; fileRef = 87CDE1F01E6CFE750030D1AC /* ViewController.swift */; };
		87CDE1F41E6CFE750030D1AC /* Main.storyboard in Resources */ = {isa = PBXBuildFile; fileRef = 87CDE1F21E6CFE750030D1AC /* Main.storyboard */; };
		87CDE1F61E6CFE750030D1AC /* Assets.xcassets in Resources */ = {isa = PBXBuildFile; fileRef = 87CDE1F51E6CFE750030D1AC /* Assets.xcassets */; };
		87CDE1F91E6CFE750030D1AC /* LaunchScreen.storyboard in Resources */ = {isa = PBXBuildFile; fileRef = 87CDE1F71E6CFE750030D1AC /* LaunchScreen.storyboard */; };
		87CE76231E713A0B00E29E22 /* ConvertedShaders_GLES.swift in Sources */ = {isa = PBXBuildFile; fileRef = 87CE76221E713A0B00E29E22 /* ConvertedShaders_GLES.swift */; };
		87CE76251E713A4900E29E22 /* OpenGLContext_Shared.swift in Sources */ = {isa = PBXBuildFile; fileRef = 87CE76241E713A4900E29E22 /* OpenGLContext_Shared.swift */; };
		87CE76271E713A6F00E29E22 /* OpenGLContext.swift in Sources */ = {isa = PBXBuildFile; fileRef = 87CE76261E713A6F00E29E22 /* OpenGLContext.swift */; };
		87CE76291E713C6500E29E22 /* BasicOperation.swift in Sources */ = {isa = PBXBuildFile; fileRef = 87CE76281E713C6500E29E22 /* BasicOperation.swift */; };
		87CE762B1E713C9400E29E22 /* ConvertedShaders_GL.swift in Sources */ = {isa = PBXBuildFile; fileRef = 87CE762A1E713C9400E29E22 /* ConvertedShaders_GL.swift */; };
		87CE762D1E713E4200E29E22 /* SerialDispatch.swift in Sources */ = {isa = PBXBuildFile; fileRef = 87CE762C1E713E4200E29E22 /* SerialDispatch.swift */; };
		87CE762F1E71421100E29E22 /* OpenGLRendering.swift in Sources */ = {isa = PBXBuildFile; fileRef = 87CE762E1E71421100E29E22 /* OpenGLRendering.swift */; };
		87CE76311E79336000E29E22 /* MovieOutput.swift in Sources */ = {isa = PBXBuildFile; fileRef = 87CE76301E79336000E29E22 /* MovieOutput.swift */; };
		87CE76331E793CC800E29E22 /* Framebuffer.swift in Sources */ = {isa = PBXBuildFile; fileRef = 87CE76321E793CC800E29E22 /* Framebuffer.swift */; };
		E32E35DB11BD1C7724BEB1E7 /* Pods_ios_study.framework in Frameworks */ = {isa = PBXBuildFile; fileRef = 94479CB195CA376FC023625C /* Pods_ios_study.framework */; };
/* End PBXBuildFile section */

/* Begin PBXFileReference section */
		8700A45C1E8E251F006C364A /* Pipeline.swift */ = {isa = PBXFileReference; fileEncoding = 4; lastKnownFileType = sourcecode.swift; path = Pipeline.swift; sourceTree = "<group>"; };
		8713A37F1E6E819600646A6C /* RenderView.swift */ = {isa = PBXFileReference; fileEncoding = 4; lastKnownFileType = sourcecode.swift; path = RenderView.swift; sourceTree = "<group>"; };
		8713A3821E6E8A9100646A6C /* Camera.swift */ = {isa = PBXFileReference; fileEncoding = 4; lastKnownFileType = sourcecode.swift; path = Camera.swift; sourceTree = "<group>"; };
		8713A3861E6E937C00646A6C /* ImageOrientation.swift */ = {isa = PBXFileReference; fileEncoding = 4; lastKnownFileType = sourcecode.swift; path = ImageOrientation.swift; sourceTree = "<group>"; };
		8713A3881E6EA70D00646A6C /* ShaderProgram.swift */ = {isa = PBXFileReference; fileEncoding = 4; lastKnownFileType = sourcecode.swift; path = ShaderProgram.swift; sourceTree = "<group>"; };
		871DF5F71EB046320044D6A4 /* CurrentThreadScheduler.swift */ = {isa = PBXFileReference; fileEncoding = 4; lastKnownFileType = sourcecode.swift; name = CurrentThreadScheduler.swift; path = RxSwift/CurrentThreadScheduler.swift; sourceTree = "<group>"; };
		871DF5F91EB08B0E0044D6A4 /* Platform.Darwin.swift */ = {isa = PBXFileReference; fileEncoding = 4; lastKnownFileType = sourcecode.swift; name = Platform.Darwin.swift; path = RxSwift/Platform.Darwin.swift; sourceTree = "<group>"; };
		871DF5FB1EB08C1F0044D6A4 /* ImmediateSchedulerType.swift */ = {isa = PBXFileReference; fileEncoding = 4; lastKnownFileType = sourcecode.swift; name = ImmediateSchedulerType.swift; path = RxSwift/ImmediateSchedulerType.swift; sourceTree = "<group>"; };
		871DF5FD1EB08C7B0044D6A4 /* RxMutableBox.swift */ = {isa = PBXFileReference; fileEncoding = 4; lastKnownFileType = sourcecode.swift; name = RxMutableBox.swift; path = RxSwift/RxMutableBox.swift; sourceTree = "<group>"; };
		871DF5FF1EB08D870044D6A4 /* Queue.swift */ = {isa = PBXFileReference; fileEncoding = 4; lastKnownFileType = sourcecode.swift; name = Queue.swift; path = RxSwift/Queue.swift; sourceTree = "<group>"; };
		871DF6011EB08DEB0044D6A4 /* ScheduledItem.swift */ = {isa = PBXFileReference; fileEncoding = 4; lastKnownFileType = sourcecode.swift; name = ScheduledItem.swift; path = RxSwift/ScheduledItem.swift; sourceTree = "<group>"; };
		871DF6031EB08E100044D6A4 /* ScheduledItemType.swift */ = {isa = PBXFileReference; fileEncoding = 4; lastKnownFileType = sourcecode.swift; name = ScheduledItemType.swift; path = RxSwift/ScheduledItemType.swift; sourceTree = "<group>"; };
		871DF6051EB091310044D6A4 /* Cancelable.swift */ = {isa = PBXFileReference; fileEncoding = 4; lastKnownFileType = sourcecode.swift; name = Cancelable.swift; path = RxSwift/Cancelable.swift; sourceTree = "<group>"; };
		871DF6071EB0915B0044D6A4 /* InvocableType.swift */ = {isa = PBXFileReference; fileEncoding = 4; lastKnownFileType = sourcecode.swift; name = InvocableType.swift; path = RxSwift/InvocableType.swift; sourceTree = "<group>"; };
		873BB8E01E83B5BD00E1547E /* Size.swift */ = {isa = PBXFileReference; fileEncoding = 4; lastKnownFileType = sourcecode.swift; path = Size.swift; sourceTree = "<group>"; };
		873BB8E21E83B89E00E1547E /* FramebufferCache.swift */ = {isa = PBXFileReference; fileEncoding = 4; lastKnownFileType = sourcecode.swift; path = FramebufferCache.swift; sourceTree = "<group>"; };
		873BB8E41E83C38300E1547E /* Timestamp.swift */ = {isa = PBXFileReference; fileEncoding = 4; lastKnownFileType = sourcecode.swift; path = Timestamp.swift; sourceTree = "<group>"; };
		873BB8E61E83C5F500E1547E /* Matrix.swift */ = {isa = PBXFileReference; fileEncoding = 4; lastKnownFileType = sourcecode.swift; path = Matrix.swift; sourceTree = "<group>"; };
		873BB8E81E83C64C00E1547E /* CameraConversion.swift */ = {isa = PBXFileReference; fileEncoding = 4; lastKnownFileType = sourcecode.swift; path = CameraConversion.swift; sourceTree = "<group>"; };
		873BB8EA1E83C92500E1547E /* Color.swift */ = {isa = PBXFileReference; fileEncoding = 4; lastKnownFileType = sourcecode.swift; path = Color.swift; sourceTree = "<group>"; };
		873BB8EC1E83C98800E1547E /* ShaderUniformSettings.swift */ = {isa = PBXFileReference; fileEncoding = 4; lastKnownFileType = sourcecode.swift; path = ShaderUniformSettings.swift; sourceTree = "<group>"; };
		873BB8EE1E83C9C700E1547E /* Position.swift */ = {isa = PBXFileReference; fileEncoding = 4; lastKnownFileType = sourcecode.swift; path = Position.swift; sourceTree = "<group>"; };
		876ABF2B1EA71702000E0856 /* Observable+Creation.swift */ = {isa = PBXFileReference; fileEncoding = 4; lastKnownFileType = sourcecode.swift; name = "Observable+Creation.swift"; path = "RxSwift/Observable+Creation.swift"; sourceTree = "<group>"; };
		876ABF2D1EA71749000E0856 /* Observable.swift */ = {isa = PBXFileReference; fileEncoding = 4; lastKnownFileType = sourcecode.swift; name = Observable.swift; path = RxSwift/Observable.swift; sourceTree = "<group>"; };
		876ABF311EA73A54000E0856 /* Event.swift */ = {isa = PBXFileReference; fileEncoding = 4; lastKnownFileType = sourcecode.swift; name = Event.swift; path = RxSwift/Event.swift; sourceTree = "<group>"; };
		876ABF331EA73AA0000E0856 /* ObservableType.swift */ = {isa = PBXFileReference; fileEncoding = 4; lastKnownFileType = sourcecode.swift; name = ObservableType.swift; path = RxSwift/ObservableType.swift; sourceTree = "<group>"; };
		876ABF351EA73DF3000E0856 /* ObservableConvertibleType.swift */ = {isa = PBXFileReference; fileEncoding = 4; lastKnownFileType = sourcecode.swift; name = ObservableConvertibleType.swift; path = RxSwift/ObservableConvertibleType.swift; sourceTree = "<group>"; };
		876ABF371EA73EC2000E0856 /* ObserverType.swift */ = {isa = PBXFileReference; fileEncoding = 4; lastKnownFileType = sourcecode.swift; name = ObserverType.swift; path = RxSwift/ObserverType.swift; sourceTree = "<group>"; };
		876ABF391EA73F26000E0856 /* Disposable.swift */ = {isa = PBXFileReference; fileEncoding = 4; lastKnownFileType = sourcecode.swift; name = Disposable.swift; path = RxSwift/Disposable.swift; sourceTree = "<group>"; };
		876ABF3B1EA74396000E0856 /* Rx.swift */ = {isa = PBXFileReference; fileEncoding = 4; lastKnownFileType = sourcecode.swift; name = Rx.swift; path = RxSwift/Rx.swift; sourceTree = "<group>"; };
		876ABF3D1EA7766E000E0856 /* AnonymousObservable.swift */ = {isa = PBXFileReference; fileEncoding = 4; lastKnownFileType = sourcecode.swift; name = AnonymousObservable.swift; path = RxSwift/AnonymousObservable.swift; sourceTree = "<group>"; };
		876ABF3F1EA7769A000E0856 /* Producer.swift */ = {isa = PBXFileReference; fileEncoding = 4; lastKnownFileType = sourcecode.swift; name = Producer.swift; path = RxSwift/Producer.swift; sourceTree = "<group>"; };
		876ABF411EA7770C000E0856 /* AnyObserver.swift */ = {isa = PBXFileReference; fileEncoding = 4; lastKnownFileType = sourcecode.swift; name = AnyObserver.swift; path = RxSwift/AnyObserver.swift; sourceTree = "<group>"; };
		87BD1A4B1EB18DD5001FB3B3 /* Sink.swift */ = {isa = PBXFileReference; fileEncoding = 4; lastKnownFileType = sourcecode.swift; name = Sink.swift; path = RxSwift/Sink.swift; sourceTree = "<group>"; };
		87BD1A4D1EB19B51001FB3B3 /* ObservableType+Extensions.swift */ = {isa = PBXFileReference; fileEncoding = 4; lastKnownFileType = sourcecode.swift; name = "ObservableType+Extensions.swift"; path = "RxSwift/ObservableType+Extensions.swift"; sourceTree = "<group>"; };
		87BD1A4F1EB19DF4001FB3B3 /* Disposables.swift */ = {isa = PBXFileReference; fileEncoding = 4; lastKnownFileType = sourcecode.swift; name = Disposables.swift; path = RxSwift/Disposables.swift; sourceTree = "<group>"; };
		87BD1A511EB19E2B001FB3B3 /* AnonymousDisposable.swift */ = {isa = PBXFileReference; fileEncoding = 4; lastKnownFileType = sourcecode.swift; name = AnonymousDisposable.swift; path = RxSwift/AnonymousDisposable.swift; sourceTree = "<group>"; };
		87BD1A531EB19E79001FB3B3 /* AnonymousObserver.swift */ = {isa = PBXFileReference; fileEncoding = 4; lastKnownFileType = sourcecode.swift; name = AnonymousObserver.swift; path = RxSwift/AnonymousObserver.swift; sourceTree = "<group>"; };
		87BD1A551EB1A28B001FB3B3 /* ObserverBase.swift */ = {isa = PBXFileReference; fileEncoding = 4; lastKnownFileType = sourcecode.swift; name = ObserverBase.swift; path = RxSwift/ObserverBase.swift; sourceTree = "<group>"; };
		87BD1A571EB1A3B8001FB3B3 /* NopDisposable.swift */ = {isa = PBXFileReference; fileEncoding = 4; lastKnownFileType = sourcecode.swift; name = NopDisposable.swift; path = RxSwift/NopDisposable.swift; sourceTree = "<group>"; };
		87BD1A591EB1B5DE001FB3B3 /* DisposeBase.swift */ = {isa = PBXFileReference; fileEncoding = 4; lastKnownFileType = sourcecode.swift; name = DisposeBase.swift; path = RxSwift/DisposeBase.swift; sourceTree = "<group>"; };
		87BD1A5B1EB1B652001FB3B3 /* BinaryDisposable.swift */ = {isa = PBXFileReference; fileEncoding = 4; lastKnownFileType = sourcecode.swift; name = BinaryDisposable.swift; path = RxSwift/BinaryDisposable.swift; sourceTree = "<group>"; };
		87BD1A5D1EB1BE35001FB3B3 /* SingleAssignmentDisposable.swift */ = {isa = PBXFileReference; fileEncoding = 4; lastKnownFileType = sourcecode.swift; name = SingleAssignmentDisposable.swift; path = RxSwift/SingleAssignmentDisposable.swift; sourceTree = "<group>"; };
		87BD1A641EB2F713001FB3B3 /* CombineLatest+arity.swift */ = {isa = PBXFileReference; fileEncoding = 4; lastKnownFileType = sourcecode.swift; name = "CombineLatest+arity.swift"; path = "RxSwift/CombineLatest+arity.swift"; sourceTree = "<group>"; };
		87BD1A661EB2FBA3001FB3B3 /* CombineLatest.swift */ = {isa = PBXFileReference; fileEncoding = 4; lastKnownFileType = sourcecode.swift; name = CombineLatest.swift; path = RxSwift/CombineLatest.swift; sourceTree = "<group>"; };
		87BD1A681EB30EEA001FB3B3 /* SynchronizedOnType.swift */ = {isa = PBXFileReference; fileEncoding = 4; lastKnownFileType = sourcecode.swift; name = SynchronizedOnType.swift; path = RxSwift/SynchronizedOnType.swift; sourceTree = "<group>"; };
		87BD1A6A1EB30F21001FB3B3 /* Lock.swift */ = {isa = PBXFileReference; fileEncoding = 4; lastKnownFileType = sourcecode.swift; name = Lock.swift; path = RxSwift/Lock.swift; sourceTree = "<group>"; };
		87BD1A6C1EB312EC001FB3B3 /* RecursiveLock.swift */ = {isa = PBXFileReference; fileEncoding = 4; lastKnownFileType = sourcecode.swift; name = RecursiveLock.swift; path = RxSwift/RecursiveLock.swift; sourceTree = "<group>"; };
		87BD1A6E1EB313A5001FB3B3 /* LockOwnerType.swift */ = {isa = PBXFileReference; fileEncoding = 4; lastKnownFileType = sourcecode.swift; name = LockOwnerType.swift; path = RxSwift/LockOwnerType.swift; sourceTree = "<group>"; };
		87BD1A701EB3150E001FB3B3 /* CompositeDisposable.swift */ = {isa = PBXFileReference; fileEncoding = 4; lastKnownFileType = sourcecode.swift; name = CompositeDisposable.swift; path = RxSwift/CompositeDisposable.swift; sourceTree = "<group>"; };
		87BD1A741EB3196B001FB3B3 /* Bag.swift */ = {isa = PBXFileReference; fileEncoding = 4; lastKnownFileType = sourcecode.swift; name = Bag.swift; path = RxSwift/Bag.swift; sourceTree = "<group>"; };
		87BD1A761EB31A16001FB3B3 /* Bag+Rx.swift */ = {isa = PBXFileReference; fileEncoding = 4; lastKnownFileType = sourcecode.swift; name = "Bag+Rx.swift"; path = "RxSwift/Bag+Rx.swift"; sourceTree = "<group>"; };
		87BD1A791EB8220D001FB3B3 /* ObserveOn.swift */ = {isa = PBXFileReference; fileEncoding = 4; lastKnownFileType = sourcecode.swift; name = ObserveOn.swift; path = RxSwift/ObserveOn.swift; sourceTree = "<group>"; };
		87BD1A7B1EB822D7001FB3B3 /* SerialDispatchQueueScheduler.swift */ = {isa = PBXFileReference; fileEncoding = 4; lastKnownFileType = sourcecode.swift; name = SerialDispatchQueueScheduler.swift; path = RxSwift/SerialDispatchQueueScheduler.swift; sourceTree = "<group>"; };
		87BD1A7D1EB8234B001FB3B3 /* SchedulerType.swift */ = {isa = PBXFileReference; fileEncoding = 4; lastKnownFileType = sourcecode.swift; name = SchedulerType.swift; path = RxSwift/SchedulerType.swift; sourceTree = "<group>"; };
		87BD1A7F1EB824AD001FB3B3 /* DispatchQueueConfiguration.swift */ = {isa = PBXFileReference; fileEncoding = 4; lastKnownFileType = sourcecode.swift; name = DispatchQueueConfiguration.swift; path = RxSwift/DispatchQueueConfiguration.swift; sourceTree = "<group>"; };
		87BD1A811EB83888001FB3B3 /* RecursiveScheduler.swift */ = {isa = PBXFileReference; fileEncoding = 4; lastKnownFileType = sourcecode.swift; name = RecursiveScheduler.swift; path = RxSwift/RecursiveScheduler.swift; sourceTree = "<group>"; };
		87BD1A831EB83AC9001FB3B3 /* SerialDisposable.swift */ = {isa = PBXFileReference; fileEncoding = 4; lastKnownFileType = sourcecode.swift; name = SerialDisposable.swift; path = RxSwift/SerialDisposable.swift; sourceTree = "<group>"; };
		87CDE1EB1E6CFE750030D1AC /* ios-study.app */ = {isa = PBXFileReference; explicitFileType = wrapper.application; includeInIndex = 0; path = "ios-study.app"; sourceTree = BUILT_PRODUCTS_DIR; };
		87CDE1EE1E6CFE750030D1AC /* AppDelegate.swift */ = {isa = PBXFileReference; lastKnownFileType = sourcecode.swift; path = AppDelegate.swift; sourceTree = "<group>"; };
		87CDE1F01E6CFE750030D1AC /* ViewController.swift */ = {isa = PBXFileReference; lastKnownFileType = sourcecode.swift; path = ViewController.swift; sourceTree = "<group>"; };
		87CDE1F31E6CFE750030D1AC /* Base */ = {isa = PBXFileReference; lastKnownFileType = file.storyboard; name = Base; path = Base.lproj/Main.storyboard; sourceTree = "<group>"; };
		87CDE1F51E6CFE750030D1AC /* Assets.xcassets */ = {isa = PBXFileReference; lastKnownFileType = folder.assetcatalog; path = Assets.xcassets; sourceTree = "<group>"; };
		87CDE1F81E6CFE750030D1AC /* Base */ = {isa = PBXFileReference; lastKnownFileType = file.storyboard; name = Base; path = Base.lproj/LaunchScreen.storyboard; sourceTree = "<group>"; };
		87CDE1FA1E6CFE750030D1AC /* Info.plist */ = {isa = PBXFileReference; lastKnownFileType = text.plist.xml; path = Info.plist; sourceTree = "<group>"; };
		87CE76221E713A0B00E29E22 /* ConvertedShaders_GLES.swift */ = {isa = PBXFileReference; fileEncoding = 4; lastKnownFileType = sourcecode.swift; path = ConvertedShaders_GLES.swift; sourceTree = "<group>"; };
		87CE76241E713A4900E29E22 /* OpenGLContext_Shared.swift */ = {isa = PBXFileReference; fileEncoding = 4; lastKnownFileType = sourcecode.swift; path = OpenGLContext_Shared.swift; sourceTree = "<group>"; };
		87CE76261E713A6F00E29E22 /* OpenGLContext.swift */ = {isa = PBXFileReference; fileEncoding = 4; lastKnownFileType = sourcecode.swift; path = OpenGLContext.swift; sourceTree = "<group>"; };
		87CE76281E713C6500E29E22 /* BasicOperation.swift */ = {isa = PBXFileReference; fileEncoding = 4; lastKnownFileType = sourcecode.swift; path = BasicOperation.swift; sourceTree = "<group>"; };
		87CE762A1E713C9400E29E22 /* ConvertedShaders_GL.swift */ = {isa = PBXFileReference; fileEncoding = 4; lastKnownFileType = sourcecode.swift; path = ConvertedShaders_GL.swift; sourceTree = "<group>"; };
		87CE762C1E713E4200E29E22 /* SerialDispatch.swift */ = {isa = PBXFileReference; fileEncoding = 4; lastKnownFileType = sourcecode.swift; path = SerialDispatch.swift; sourceTree = "<group>"; };
		87CE762E1E71421100E29E22 /* OpenGLRendering.swift */ = {isa = PBXFileReference; fileEncoding = 4; lastKnownFileType = sourcecode.swift; path = OpenGLRendering.swift; sourceTree = "<group>"; };
		87CE76301E79336000E29E22 /* MovieOutput.swift */ = {isa = PBXFileReference; fileEncoding = 4; lastKnownFileType = sourcecode.swift; path = MovieOutput.swift; sourceTree = "<group>"; };
		87CE76321E793CC800E29E22 /* Framebuffer.swift */ = {isa = PBXFileReference; fileEncoding = 4; lastKnownFileType = sourcecode.swift; path = Framebuffer.swift; sourceTree = "<group>"; };
		94479CB195CA376FC023625C /* Pods_ios_study.framework */ = {isa = PBXFileReference; explicitFileType = wrapper.framework; includeInIndex = 0; path = Pods_ios_study.framework; sourceTree = BUILT_PRODUCTS_DIR; };
		DE5DF0ED4ABE33573C2C07DC /* Pods-ios-study.debug.xcconfig */ = {isa = PBXFileReference; includeInIndex = 1; lastKnownFileType = text.xcconfig; name = "Pods-ios-study.debug.xcconfig"; path = "Pods/Target Support Files/Pods-ios-study/Pods-ios-study.debug.xcconfig"; sourceTree = "<group>"; };
		DFA139F3B960595CF49FF03B /* Pods-ios-study.release.xcconfig */ = {isa = PBXFileReference; includeInIndex = 1; lastKnownFileType = text.xcconfig; name = "Pods-ios-study.release.xcconfig"; path = "Pods/Target Support Files/Pods-ios-study/Pods-ios-study.release.xcconfig"; sourceTree = "<group>"; };
/* End PBXFileReference section */

/* Begin PBXFrameworksBuildPhase section */
		87CDE1E81E6CFE750030D1AC /* Frameworks */ = {
			isa = PBXFrameworksBuildPhase;
			buildActionMask = 2147483647;
			files = (
				E32E35DB11BD1C7724BEB1E7 /* Pods_ios_study.framework in Frameworks */,
			);
			runOnlyForDeploymentPostprocessing = 0;
		};
/* End PBXFrameworksBuildPhase section */

/* Begin PBXGroup section */
		4CE98EABD6F458F3E7AEB780 /* Frameworks */ = {
			isa = PBXGroup;
			children = (
				94479CB195CA376FC023625C /* Pods_ios_study.framework */,
			);
			name = Frameworks;
			sourceTree = "<group>";
		};
		8713A3811E6E819F00646A6C /* GPUImage */ = {
			isa = PBXGroup;
			children = (
				87CE76281E713C6500E29E22 /* BasicOperation.swift */,
				8713A3821E6E8A9100646A6C /* Camera.swift */,
				873BB8E81E83C64C00E1547E /* CameraConversion.swift */,
				873BB8EA1E83C92500E1547E /* Color.swift */,
				87CE762A1E713C9400E29E22 /* ConvertedShaders_GL.swift */,
				87CE76221E713A0B00E29E22 /* ConvertedShaders_GLES.swift */,
				87CE76321E793CC800E29E22 /* Framebuffer.swift */,
				873BB8E21E83B89E00E1547E /* FramebufferCache.swift */,
				8713A3861E6E937C00646A6C /* ImageOrientation.swift */,
				873BB8E61E83C5F500E1547E /* Matrix.swift */,
				87CE76301E79336000E29E22 /* MovieOutput.swift */,
				87CE76241E713A4900E29E22 /* OpenGLContext_Shared.swift */,
				87CE76261E713A6F00E29E22 /* OpenGLContext.swift */,
				87CE762E1E71421100E29E22 /* OpenGLRendering.swift */,
				873BB8EE1E83C9C700E1547E /* Position.swift */,
				8713A37F1E6E819600646A6C /* RenderView.swift */,
				87CE762C1E713E4200E29E22 /* SerialDispatch.swift */,
				8713A3881E6EA70D00646A6C /* ShaderProgram.swift */,
				873BB8EC1E83C98800E1547E /* ShaderUniformSettings.swift */,
				873BB8E01E83B5BD00E1547E /* Size.swift */,
				873BB8E41E83C38300E1547E /* Timestamp.swift */,
				8700A45C1E8E251F006C364A /* Pipeline.swift */,
			);
			name = GPUImage;
			sourceTree = "<group>";
		};
		876ABF291EA60F8A000E0856 /* RxSwift */ = {
			isa = PBXGroup;
			children = (
				87BD1A511EB19E2B001FB3B3 /* AnonymousDisposable.swift */,
				876ABF3D1EA7766E000E0856 /* AnonymousObservable.swift */,
				87BD1A531EB19E79001FB3B3 /* AnonymousObserver.swift */,
				876ABF411EA7770C000E0856 /* AnyObserver.swift */,
				87BD1A741EB3196B001FB3B3 /* Bag.swift */,
				87BD1A761EB31A16001FB3B3 /* Bag+Rx.swift */,
				87BD1A5B1EB1B652001FB3B3 /* BinaryDisposable.swift */,
				871DF6051EB091310044D6A4 /* Cancelable.swift */,
				87BD1A661EB2FBA3001FB3B3 /* CombineLatest.swift */,
				87BD1A641EB2F713001FB3B3 /* CombineLatest+arity.swift */,
				87BD1A701EB3150E001FB3B3 /* CompositeDisposable.swift */,
				871DF5F71EB046320044D6A4 /* CurrentThreadScheduler.swift */,
				876ABF391EA73F26000E0856 /* Disposable.swift */,
				87BD1A4F1EB19DF4001FB3B3 /* Disposables.swift */,
				87BD1A591EB1B5DE001FB3B3 /* DisposeBase.swift */,
				876ABF311EA73A54000E0856 /* Event.swift */,
				871DF5FB1EB08C1F0044D6A4 /* ImmediateSchedulerType.swift */,
				871DF6071EB0915B0044D6A4 /* InvocableType.swift */,
				87BD1A6A1EB30F21001FB3B3 /* Lock.swift */,
				87BD1A6E1EB313A5001FB3B3 /* LockOwnerType.swift */,
				87BD1A571EB1A3B8001FB3B3 /* NopDisposable.swift */,
				876ABF2D1EA71749000E0856 /* Observable.swift */,
				876ABF2B1EA71702000E0856 /* Observable+Creation.swift */,
				876ABF351EA73DF3000E0856 /* ObservableConvertibleType.swift */,
				876ABF331EA73AA0000E0856 /* ObservableType.swift */,
				87BD1A4D1EB19B51001FB3B3 /* ObservableType+Extensions.swift */,
				87BD1A551EB1A28B001FB3B3 /* ObserverBase.swift */,
				876ABF371EA73EC2000E0856 /* ObserverType.swift */,
				871DF5F91EB08B0E0044D6A4 /* Platform.Darwin.swift */,
				876ABF3F1EA7769A000E0856 /* Producer.swift */,
				871DF5FF1EB08D870044D6A4 /* Queue.swift */,
				87BD1A6C1EB312EC001FB3B3 /* RecursiveLock.swift */,
				876ABF3B1EA74396000E0856 /* Rx.swift */,
				871DF5FD1EB08C7B0044D6A4 /* RxMutableBox.swift */,
				871DF6011EB08DEB0044D6A4 /* ScheduledItem.swift */,
				871DF6031EB08E100044D6A4 /* ScheduledItemType.swift */,
				87BD1A5D1EB1BE35001FB3B3 /* SingleAssignmentDisposable.swift */,
				87BD1A4B1EB18DD5001FB3B3 /* Sink.swift */,
				87BD1A681EB30EEA001FB3B3 /* SynchronizedOnType.swift */,
				87BD1A791EB8220D001FB3B3 /* ObserveOn.swift */,
				87BD1A7B1EB822D7001FB3B3 /* SerialDispatchQueueScheduler.swift */,
				87BD1A7D1EB8234B001FB3B3 /* SchedulerType.swift */,
				87BD1A7F1EB824AD001FB3B3 /* DispatchQueueConfiguration.swift */,
				87BD1A811EB83888001FB3B3 /* RecursiveScheduler.swift */,
				87BD1A831EB83AC9001FB3B3 /* SerialDisposable.swift */,
			);
			name = RxSwift;
			sourceTree = "<group>";
		};
		87CDE1E21E6CFE750030D1AC = {
			isa = PBXGroup;
			children = (
				87CDE1ED1E6CFE750030D1AC /* ios-study */,
				87CDE1EC1E6CFE750030D1AC /* Products */,
				8FDDA87BCACA9724396CE8F1 /* Pods */,
				4CE98EABD6F458F3E7AEB780 /* Frameworks */,
			);
			sourceTree = "<group>";
		};
		87CDE1EC1E6CFE750030D1AC /* Products */ = {
			isa = PBXGroup;
			children = (
				87CDE1EB1E6CFE750030D1AC /* ios-study.app */,
			);
			name = Products;
			sourceTree = "<group>";
		};
		87CDE1ED1E6CFE750030D1AC /* ios-study */ = {
			isa = PBXGroup;
			children = (
				876ABF291EA60F8A000E0856 /* RxSwift */,
				8713A3811E6E819F00646A6C /* GPUImage */,
				87CDE1EE1E6CFE750030D1AC /* AppDelegate.swift */,
				87CDE1F01E6CFE750030D1AC /* ViewController.swift */,
				87CDE1F21E6CFE750030D1AC /* Main.storyboard */,
				87CDE1F51E6CFE750030D1AC /* Assets.xcassets */,
				87CDE1F71E6CFE750030D1AC /* LaunchScreen.storyboard */,
				87CDE1FA1E6CFE750030D1AC /* Info.plist */,
			);
			path = "ios-study";
			sourceTree = "<group>";
		};
		8FDDA87BCACA9724396CE8F1 /* Pods */ = {
			isa = PBXGroup;
			children = (
				DE5DF0ED4ABE33573C2C07DC /* Pods-ios-study.debug.xcconfig */,
				DFA139F3B960595CF49FF03B /* Pods-ios-study.release.xcconfig */,
			);
			name = Pods;
			sourceTree = "<group>";
		};
/* End PBXGroup section */

/* Begin PBXNativeTarget section */
		87CDE1EA1E6CFE750030D1AC /* ios-study */ = {
			isa = PBXNativeTarget;
			buildConfigurationList = 87CDE1FD1E6CFE750030D1AC /* Build configuration list for PBXNativeTarget "ios-study" */;
			buildPhases = (
				66DD29127CFFC58B37949830 /* [CP] Check Pods Manifest.lock */,
				87CDE1E71E6CFE750030D1AC /* Sources */,
				87CDE1E81E6CFE750030D1AC /* Frameworks */,
				87CDE1E91E6CFE750030D1AC /* Resources */,
				CF80FFA124D840D54E8B0C8D /* [CP] Embed Pods Frameworks */,
				65318EF15F9AB5CDDBD1E3AD /* [CP] Copy Pods Resources */,
			);
			buildRules = (
			);
			dependencies = (
			);
			name = "ios-study";
			productName = "ios-study";
			productReference = 87CDE1EB1E6CFE750030D1AC /* ios-study.app */;
			productType = "com.apple.product-type.application";
		};
/* End PBXNativeTarget section */

/* Begin PBXProject section */
		87CDE1E31E6CFE750030D1AC /* Project object */ = {
			isa = PBXProject;
			attributes = {
				LastSwiftUpdateCheck = 0800;
				LastUpgradeCheck = 0830;
				ORGANIZATIONNAME = twentyhours;
				TargetAttributes = {
					87CDE1EA1E6CFE750030D1AC = {
						CreatedOnToolsVersion = 8.0;
						DevelopmentTeam = C56Y225XTT;
						ProvisioningStyle = Automatic;
					};
				};
			};
			buildConfigurationList = 87CDE1E61E6CFE750030D1AC /* Build configuration list for PBXProject "ios-study" */;
			compatibilityVersion = "Xcode 3.2";
			developmentRegion = English;
			hasScannedForEncodings = 0;
			knownRegions = (
				en,
				Base,
			);
			mainGroup = 87CDE1E21E6CFE750030D1AC;
			productRefGroup = 87CDE1EC1E6CFE750030D1AC /* Products */;
			projectDirPath = "";
			projectRoot = "";
			targets = (
				87CDE1EA1E6CFE750030D1AC /* ios-study */,
			);
		};
/* End PBXProject section */

/* Begin PBXResourcesBuildPhase section */
		87CDE1E91E6CFE750030D1AC /* Resources */ = {
			isa = PBXResourcesBuildPhase;
			buildActionMask = 2147483647;
			files = (
				87CDE1F91E6CFE750030D1AC /* LaunchScreen.storyboard in Resources */,
				87CDE1F61E6CFE750030D1AC /* Assets.xcassets in Resources */,
				87CDE1F41E6CFE750030D1AC /* Main.storyboard in Resources */,
			);
			runOnlyForDeploymentPostprocessing = 0;
		};
/* End PBXResourcesBuildPhase section */

/* Begin PBXShellScriptBuildPhase section */
		65318EF15F9AB5CDDBD1E3AD /* [CP] Copy Pods Resources */ = {
			isa = PBXShellScriptBuildPhase;
			buildActionMask = 2147483647;
			files = (
			);
			inputPaths = (
			);
			name = "[CP] Copy Pods Resources";
			outputPaths = (
			);
			runOnlyForDeploymentPostprocessing = 0;
			shellPath = /bin/sh;
			shellScript = "\"${SRCROOT}/Pods/Target Support Files/Pods-ios-study/Pods-ios-study-resources.sh\"\n";
			showEnvVarsInLog = 0;
		};
		66DD29127CFFC58B37949830 /* [CP] Check Pods Manifest.lock */ = {
			isa = PBXShellScriptBuildPhase;
			buildActionMask = 2147483647;
			files = (
			);
			inputPaths = (
			);
			name = "[CP] Check Pods Manifest.lock";
			outputPaths = (
			);
			runOnlyForDeploymentPostprocessing = 0;
			shellPath = /bin/sh;
			shellScript = "diff \"${PODS_ROOT}/../Podfile.lock\" \"${PODS_ROOT}/Manifest.lock\" > /dev/null\nif [ $? != 0 ] ; then\n    # print error to STDERR\n    echo \"error: The sandbox is not in sync with the Podfile.lock. Run 'pod install' or update your CocoaPods installation.\" >&2\n    exit 1\nfi\n";
			showEnvVarsInLog = 0;
		};
		CF80FFA124D840D54E8B0C8D /* [CP] Embed Pods Frameworks */ = {
			isa = PBXShellScriptBuildPhase;
			buildActionMask = 2147483647;
			files = (
			);
			inputPaths = (
			);
			name = "[CP] Embed Pods Frameworks";
			outputPaths = (
			);
			runOnlyForDeploymentPostprocessing = 0;
			shellPath = /bin/sh;
			shellScript = "\"${SRCROOT}/Pods/Target Support Files/Pods-ios-study/Pods-ios-study-frameworks.sh\"\n";
			showEnvVarsInLog = 0;
		};
/* End PBXShellScriptBuildPhase section */

/* Begin PBXSourcesBuildPhase section */
		87CDE1E71E6CFE750030D1AC /* Sources */ = {
			isa = PBXSourcesBuildPhase;
			buildActionMask = 2147483647;
			files = (
				87BD1A501EB19DF4001FB3B3 /* Disposables.swift in Sources */,
				87BD1A711EB3150E001FB3B3 /* CompositeDisposable.swift in Sources */,
				876ABF2E1EA71749000E0856 /* Observable.swift in Sources */,
				87BD1A5A1EB1B5DE001FB3B3 /* DisposeBase.swift in Sources */,
				876ABF3A1EA73F26000E0856 /* Disposable.swift in Sources */,
				87BD1A7E1EB8234B001FB3B3 /* SchedulerType.swift in Sources */,
				87BD1A4C1EB18DD5001FB3B3 /* Sink.swift in Sources */,
				873BB8E11E83B5BD00E1547E /* Size.swift in Sources */,
				87BD1A841EB83AC9001FB3B3 /* SerialDisposable.swift in Sources */,
				87BD1A801EB824AD001FB3B3 /* DispatchQueueConfiguration.swift in Sources */,
				871DF6021EB08DEB0044D6A4 /* ScheduledItem.swift in Sources */,
				87CE762B1E713C9400E29E22 /* ConvertedShaders_GL.swift in Sources */,
				873BB8EB1E83C92500E1547E /* Color.swift in Sources */,
				87BD1A6D1EB312EC001FB3B3 /* RecursiveLock.swift in Sources */,
				873BB8E31E83B89E00E1547E /* FramebufferCache.swift in Sources */,
				87BD1A5C1EB1B652001FB3B3 /* BinaryDisposable.swift in Sources */,
				8713A3831E6E8A9100646A6C /* Camera.swift in Sources */,
				873BB8E91E83C64C00E1547E /* CameraConversion.swift in Sources */,
				87BD1A751EB3196B001FB3B3 /* Bag.swift in Sources */,
				87CE76231E713A0B00E29E22 /* ConvertedShaders_GLES.swift in Sources */,
				87CE762D1E713E4200E29E22 /* SerialDispatch.swift in Sources */,
				873BB8EF1E83C9C700E1547E /* Position.swift in Sources */,
				873BB8E51E83C38300E1547E /* Timestamp.swift in Sources */,
				87BD1A691EB30EEA001FB3B3 /* SynchronizedOnType.swift in Sources */,
				876ABF321EA73A54000E0856 /* Event.swift in Sources */,
				871DF5FC1EB08C1F0044D6A4 /* ImmediateSchedulerType.swift in Sources */,
				87BD1A771EB31A16001FB3B3 /* Bag+Rx.swift in Sources */,
				871DF5F81EB046320044D6A4 /* CurrentThreadScheduler.swift in Sources */,
				871DF6061EB091310044D6A4 /* Cancelable.swift in Sources */,
				87BD1A581EB1A3B8001FB3B3 /* NopDisposable.swift in Sources */,
				87BD1A7C1EB822D7001FB3B3 /* SerialDispatchQueueScheduler.swift in Sources */,
				87BD1A521EB19E2B001FB3B3 /* AnonymousDisposable.swift in Sources */,
				876ABF3C1EA74396000E0856 /* Rx.swift in Sources */,
				87BD1A671EB2FBA3001FB3B3 /* CombineLatest.swift in Sources */,
				876ABF3E1EA7766E000E0856 /* AnonymousObservable.swift in Sources */,
				87CE76331E793CC800E29E22 /* Framebuffer.swift in Sources */,
				87BD1A5E1EB1BE35001FB3B3 /* SingleAssignmentDisposable.swift in Sources */,
				871DF5FA1EB08B0E0044D6A4 /* Platform.Darwin.swift in Sources */,
				87BD1A561EB1A28B001FB3B3 /* ObserverBase.swift in Sources */,
				8713A3891E6EA70D00646A6C /* ShaderProgram.swift in Sources */,
				87CDE1F11E6CFE750030D1AC /* ViewController.swift in Sources */,
				87CDE1EF1E6CFE750030D1AC /* AppDelegate.swift in Sources */,
				87CE76251E713A4900E29E22 /* OpenGLContext_Shared.swift in Sources */,
				8700A45D1E8E251F006C364A /* Pipeline.swift in Sources */,
				87CE76271E713A6F00E29E22 /* OpenGLContext.swift in Sources */,
				871DF6041EB08E100044D6A4 /* ScheduledItemType.swift in Sources */,
				87BD1A6B1EB30F21001FB3B3 /* Lock.swift in Sources */,
				87BD1A821EB83888001FB3B3 /* RecursiveScheduler.swift in Sources */,
				876ABF361EA73DF3000E0856 /* ObservableConvertibleType.swift in Sources */,
				87BD1A651EB2F713001FB3B3 /* CombineLatest+arity.swift in Sources */,
				8713A3871E6E937C00646A6C /* ImageOrientation.swift in Sources */,
				876ABF381EA73EC2000E0856 /* ObserverType.swift in Sources */,
				876ABF401EA7769A000E0856 /* Producer.swift in Sources */,
				873BB8ED1E83C98800E1547E /* ShaderUniformSettings.swift in Sources */,
				871DF5FE1EB08C7B0044D6A4 /* RxMutableBox.swift in Sources */,
				876ABF2C1EA71702000E0856 /* Observable+Creation.swift in Sources */,
				87BD1A6F1EB313A5001FB3B3 /* LockOwnerType.swift in Sources */,
				876ABF341EA73AA0000E0856 /* ObservableType.swift in Sources */,
				87BD1A541EB19E79001FB3B3 /* AnonymousObserver.swift in Sources */,
				873BB8E71E83C5F500E1547E /* Matrix.swift in Sources */,
				87CE76291E713C6500E29E22 /* BasicOperation.swift in Sources */,
				871DF6001EB08D870044D6A4 /* Queue.swift in Sources */,
				871DF6081EB0915B0044D6A4 /* InvocableType.swift in Sources */,
				8713A3801E6E819600646A6C /* RenderView.swift in Sources */,
				876ABF421EA7770C000E0856 /* AnyObserver.swift in Sources */,
				87CE762F1E71421100E29E22 /* OpenGLRendering.swift in Sources */,
				87BD1A7A1EB8220D001FB3B3 /* ObserveOn.swift in Sources */,
				87BD1A4E1EB19B51001FB3B3 /* ObservableType+Extensions.swift in Sources */,
				87CE76311E79336000E29E22 /* MovieOutput.swift in Sources */,
			);
			runOnlyForDeploymentPostprocessing = 0;
		};
/* End PBXSourcesBuildPhase section */

/* Begin PBXVariantGroup section */
		87CDE1F21E6CFE750030D1AC /* Main.storyboard */ = {
			isa = PBXVariantGroup;
			children = (
				87CDE1F31E6CFE750030D1AC /* Base */,
			);
			name = Main.storyboard;
			sourceTree = "<group>";
		};
		87CDE1F71E6CFE750030D1AC /* LaunchScreen.storyboard */ = {
			isa = PBXVariantGroup;
			children = (
				87CDE1F81E6CFE750030D1AC /* Base */,
			);
			name = LaunchScreen.storyboard;
			sourceTree = "<group>";
		};
/* End PBXVariantGroup section */

/* Begin XCBuildConfiguration section */
		87CDE1FB1E6CFE750030D1AC /* Debug */ = {
			isa = XCBuildConfiguration;
			buildSettings = {
				ALWAYS_SEARCH_USER_PATHS = NO;
				CLANG_ANALYZER_NONNULL = YES;
				CLANG_CXX_LANGUAGE_STANDARD = "gnu++0x";
				CLANG_CXX_LIBRARY = "libc++";
				CLANG_ENABLE_MODULES = YES;
				CLANG_ENABLE_OBJC_ARC = YES;
				CLANG_WARN_BOOL_CONVERSION = YES;
				CLANG_WARN_CONSTANT_CONVERSION = YES;
				CLANG_WARN_DIRECT_OBJC_ISA_USAGE = YES_ERROR;
				CLANG_WARN_DOCUMENTATION_COMMENTS = YES;
				CLANG_WARN_EMPTY_BODY = YES;
				CLANG_WARN_ENUM_CONVERSION = YES;
				CLANG_WARN_INFINITE_RECURSION = YES;
				CLANG_WARN_INT_CONVERSION = YES;
				CLANG_WARN_OBJC_ROOT_CLASS = YES_ERROR;
				CLANG_WARN_SUSPICIOUS_MOVE = YES;
				CLANG_WARN_SUSPICIOUS_MOVES = YES;
				CLANG_WARN_UNREACHABLE_CODE = YES;
				CLANG_WARN__DUPLICATE_METHOD_MATCH = YES;
				"CODE_SIGN_IDENTITY[sdk=iphoneos*]" = "iPhone Developer";
				COPY_PHASE_STRIP = NO;
				DEBUG_INFORMATION_FORMAT = dwarf;
				ENABLE_STRICT_OBJC_MSGSEND = YES;
				ENABLE_TESTABILITY = YES;
				GCC_C_LANGUAGE_STANDARD = gnu99;
				GCC_DYNAMIC_NO_PIC = NO;
				GCC_NO_COMMON_BLOCKS = YES;
				GCC_OPTIMIZATION_LEVEL = 0;
				GCC_PREPROCESSOR_DEFINITIONS = (
					"DEBUG=1",
					"$(inherited)",
				);
				GCC_WARN_64_TO_32_BIT_CONVERSION = YES;
				GCC_WARN_ABOUT_RETURN_TYPE = YES_ERROR;
				GCC_WARN_UNDECLARED_SELECTOR = YES;
				GCC_WARN_UNINITIALIZED_AUTOS = YES_AGGRESSIVE;
				GCC_WARN_UNUSED_FUNCTION = YES;
				GCC_WARN_UNUSED_VARIABLE = YES;
				IPHONEOS_DEPLOYMENT_TARGET = 8.0;
				MTL_ENABLE_DEBUG_INFO = YES;
				ONLY_ACTIVE_ARCH = YES;
				SDKROOT = iphoneos;
				SWIFT_ACTIVE_COMPILATION_CONDITIONS = DEBUG;
				SWIFT_OPTIMIZATION_LEVEL = "-Onone";
				TARGETED_DEVICE_FAMILY = "1,2";
			};
			name = Debug;
		};
		87CDE1FC1E6CFE750030D1AC /* Release */ = {
			isa = XCBuildConfiguration;
			buildSettings = {
				ALWAYS_SEARCH_USER_PATHS = NO;
				CLANG_ANALYZER_NONNULL = YES;
				CLANG_CXX_LANGUAGE_STANDARD = "gnu++0x";
				CLANG_CXX_LIBRARY = "libc++";
				CLANG_ENABLE_MODULES = YES;
				CLANG_ENABLE_OBJC_ARC = YES;
				CLANG_WARN_BOOL_CONVERSION = YES;
				CLANG_WARN_CONSTANT_CONVERSION = YES;
				CLANG_WARN_DIRECT_OBJC_ISA_USAGE = YES_ERROR;
				CLANG_WARN_DOCUMENTATION_COMMENTS = YES;
				CLANG_WARN_EMPTY_BODY = YES;
				CLANG_WARN_ENUM_CONVERSION = YES;
				CLANG_WARN_INFINITE_RECURSION = YES;
				CLANG_WARN_INT_CONVERSION = YES;
				CLANG_WARN_OBJC_ROOT_CLASS = YES_ERROR;
				CLANG_WARN_SUSPICIOUS_MOVE = YES;
				CLANG_WARN_SUSPICIOUS_MOVES = YES;
				CLANG_WARN_UNREACHABLE_CODE = YES;
				CLANG_WARN__DUPLICATE_METHOD_MATCH = YES;
				"CODE_SIGN_IDENTITY[sdk=iphoneos*]" = "iPhone Developer";
				COPY_PHASE_STRIP = NO;
				DEBUG_INFORMATION_FORMAT = "dwarf-with-dsym";
				ENABLE_NS_ASSERTIONS = NO;
				ENABLE_STRICT_OBJC_MSGSEND = YES;
				GCC_C_LANGUAGE_STANDARD = gnu99;
				GCC_NO_COMMON_BLOCKS = YES;
				GCC_WARN_64_TO_32_BIT_CONVERSION = YES;
				GCC_WARN_ABOUT_RETURN_TYPE = YES_ERROR;
				GCC_WARN_UNDECLARED_SELECTOR = YES;
				GCC_WARN_UNINITIALIZED_AUTOS = YES_AGGRESSIVE;
				GCC_WARN_UNUSED_FUNCTION = YES;
				GCC_WARN_UNUSED_VARIABLE = YES;
				IPHONEOS_DEPLOYMENT_TARGET = 8.0;
				MTL_ENABLE_DEBUG_INFO = NO;
				SDKROOT = iphoneos;
				SWIFT_OPTIMIZATION_LEVEL = "-Owholemodule";
				TARGETED_DEVICE_FAMILY = "1,2";
				VALIDATE_PRODUCT = YES;
			};
			name = Release;
		};
		87CDE1FE1E6CFE750030D1AC /* Debug */ = {
			isa = XCBuildConfiguration;
			baseConfigurationReference = DE5DF0ED4ABE33573C2C07DC /* Pods-ios-study.debug.xcconfig */;
			buildSettings = {
				ASSETCATALOG_COMPILER_APPICON_NAME = AppIcon;
				DEVELOPMENT_TEAM = C56Y225XTT;
				INFOPLIST_FILE = "ios-study/Info.plist";
				LD_RUNPATH_SEARCH_PATHS = "$(inherited) @executable_path/Frameworks";
				PRODUCT_BUNDLE_IDENTIFIER = "com.twentyhours.ios-study";
				PRODUCT_NAME = "$(TARGET_NAME)";
				SWIFT_VERSION = 3.0;
			};
			name = Debug;
		};
		87CDE1FF1E6CFE750030D1AC /* Release */ = {
			isa = XCBuildConfiguration;
			baseConfigurationReference = DFA139F3B960595CF49FF03B /* Pods-ios-study.release.xcconfig */;
			buildSettings = {
				ASSETCATALOG_COMPILER_APPICON_NAME = AppIcon;
				DEVELOPMENT_TEAM = C56Y225XTT;
				INFOPLIST_FILE = "ios-study/Info.plist";
				LD_RUNPATH_SEARCH_PATHS = "$(inherited) @executable_path/Frameworks";
				PRODUCT_BUNDLE_IDENTIFIER = "com.twentyhours.ios-study";
				PRODUCT_NAME = "$(TARGET_NAME)";
				SWIFT_VERSION = 3.0;
			};
			name = Release;
		};
/* End XCBuildConfiguration section */

/* Begin XCConfigurationList section */
		87CDE1E61E6CFE750030D1AC /* Build configuration list for PBXProject "ios-study" */ = {
			isa = XCConfigurationList;
			buildConfigurations = (
				87CDE1FB1E6CFE750030D1AC /* Debug */,
				87CDE1FC1E6CFE750030D1AC /* Release */,
			);
			defaultConfigurationIsVisible = 0;
			defaultConfigurationName = Debug;
		};
		87CDE1FD1E6CFE750030D1AC /* Build configuration list for PBXNativeTarget "ios-study" */ = {
			isa = XCConfigurationList;
			buildConfigurations = (
				87CDE1FE1E6CFE750030D1AC /* Debug */,
				87CDE1FF1E6CFE750030D1AC /* Release */,
			);
			defaultConfigurationIsVisible = 0;
			defaultConfigurationName = Debug;
		};
/* End XCConfigurationList section */
	};
	rootObject = 87CDE1E31E6CFE750030D1AC /* Project object */;
}
