PODS:
  - Alamofire (4.3.0)
  - RxCocoa (3.2.0):
    - RxSwift (~> 3.1)
  - RxDataSources (1.0.2):
    - RxCocoa (~> 3.0)
    - RxSwift (~> 3.0)
  - RxSwift (3.2.0)

DEPENDENCIES:
  - Alamofire (~> 4.3)
  - RxCocoa (~> 3.1)
  - RxDataSources (~> 1.0)
  - RxSwift (~> 3.1)

SPEC CHECKSUMS:
  Alamofire: 856a113053a7bc9cbe5d6367a555d773fc5cfef7
  RxCocoa: ccdf43101a70407097a29082f648ba1676075b30
  RxDataSources: 1de77880bf5b7fcee42102adcd5a5d65e5b81541
  RxSwift: 46574f70d416b7923c237195939cc488a7fbf3a0

PODFILE CHECKSUM: cbf32194c222dcfd2d39f2334fd5f1d45c6d8e43

COCOAPODS: 1.2.0
